
Microsoft Visual Studio Solution File, Format Version 12.00
# Visual Studio 14
VisualStudioVersion = 14.0.25123.0
MinimumVisualStudioVersion = 10.0.40219.1
Project("{2150E333-8FDC-42A3-9474-1A3956D46DE8}") = "Solution Items", "Solution Items", "{E4E14581-EEDC-4FE1-BBF9-ABF8ED910C43}"
	ProjectSection(SolutionItems) = preProject
		.gitignore = .gitignore
		build.sh = build.sh
		global.json = global.json
		run.sh = run.sh
	EndProjectSection
EndProject
Project("{8BB2217D-0F2D-49D1-97BC-3654ED321F3B}") = "Bjd.CoreCLR", "Bjd.CoreCLR\Bjd.CoreCLR.xproj", "{2AD95029-FF06-4C7A-B516-F4EAE85C601C}"
EndProject
Project("{8BB2217D-0F2D-49D1-97BC-3654ED321F3B}") = "Bjd.WebServer.CoreCLR", "Bjd.WebServer.CoreCLR\Bjd.WebServer.CoreCLR.xproj", "{98424797-EAEF-4717-B8D9-BDF587AA370B}"
EndProject
Project("{8BB2217D-0F2D-49D1-97BC-3654ED321F3B}") = "Bjd.Common.CoreCLR", "Bjd.Common.CoreCLR\Bjd.Common.CoreCLR.xproj", "{E12B4DAC-A11D-4F8F-8D38-6B4CAE9F156E}"
EndProject
Project("{8BB2217D-0F2D-49D1-97BC-3654ED321F3B}") = "Bjd.FtpServer.CoreCLR", "Bjd.FtpServer.CoreCLR\Bjd.FtpServer.CoreCLR.xproj", "{0BCCDB32-14E6-4705-A2B2-BD608C770280}"
EndProject
Project("{8BB2217D-0F2D-49D1-97BC-3654ED321F3B}") = "Bjd.DnsServer.CoreCLR", "Bjd.DnsServer.CoreCLR\Bjd.DnsServer.CoreCLR.xproj", "{2E294B64-0F25-4342-8181-E082F3309B5C}"
EndProject
Project("{8BB2217D-0F2D-49D1-97BC-3654ED321F3B}") = "Bjd.TunnelServer.CoreCLR", "Bjd.TunnelServer.CoreCLR\Bjd.TunnelServer.CoreCLR.xproj", "{408A5086-D802-4F25-8E9B-82F0E3830721}"
EndProject
Project("{8BB2217D-0F2D-49D1-97BC-3654ED321F3B}") = "Bjd.TftpServer.CoreCLR", "Bjd.TftpServer.CoreCLR\Bjd.TftpServer.CoreCLR.xproj", "{A269B873-2D8F-4C83-B1A5-03FF35FF48ED}"
EndProject
Project("{8BB2217D-0F2D-49D1-97BC-3654ED321F3B}") = "Bjd.WebApiServer.CoreCLR", "Bjd.WebApiServer.CoreCLR\Bjd.WebApiServer.CoreCLR.xproj", "{EC34B552-06A6-4510-86DD-D18B137A2F47}"
EndProject
Project("{8BB2217D-0F2D-49D1-97BC-3654ED321F3B}") = "Bjd.SmtpServer.CoreCLR", "Bjd.SmtpServer.CoreCLR\Bjd.SmtpServer.CoreCLR.xproj", "{FE47EE07-A4F0-45D7-A20F-3CC4C59ED09E}"
EndProject
Project("{8BB2217D-0F2D-49D1-97BC-3654ED321F3B}") = "Bjd.Pop3Server.CoreCLR", "Bjd.Pop3Server.CoreCLR\Bjd.Pop3Server.CoreCLR.xproj", "{699DAAD6-AF4B-4BEC-9A8D-476DA30DA3D4}"
EndProject
Project("{8BB2217D-0F2D-49D1-97BC-3654ED321F3B}") = "Bjd.RemoteServer.CoreCLR", "Bjd.RemoteServer.CoreCLR\Bjd.RemoteServer.CoreCLR.xproj", "{2220A470-171E-4067-9088-8274BC6817E8}"
EndProject
Project("{8BB2217D-0F2D-49D1-97BC-3654ED321F3B}") = "Bjd.SipServer.CoreCLR", "Bjd.SipServer.CoreCLR\Bjd.SipServer.CoreCLR.xproj", "{E011131B-9B1C-4A8D-B049-802447D96EE6}"
EndProject
Project("{8BB2217D-0F2D-49D1-97BC-3654ED321F3B}") = "Bjd.ProxyTelnetServer.CoreCLR", "Bjd.ProxyTelnetServer.CoreCLR\Bjd.ProxyTelnetServer.CoreCLR.xproj", "{C034CB28-EB30-44A6-9F83-EA1A43F48740}"
EndProject
Project("{8BB2217D-0F2D-49D1-97BC-3654ED321F3B}") = "Bjd.ProxySmtpServer.CoreCLR", "Bjd.ProxySmtpServer.CoreCLR\Bjd.ProxySmtpServer.CoreCLR.xproj", "{FD251B60-AFF5-4C98-BA3E-A56DDC4213FD}"
EndProject
Project("{8BB2217D-0F2D-49D1-97BC-3654ED321F3B}") = "Bjd.ProxyPop3Server.CoreCLR", "Bjd.ProxyPop3Server.CoreCLR\Bjd.ProxyPop3Server.CoreCLR.xproj", "{CC074381-B11D-4310-A033-139F863D58D9}"
EndProject
Project("{8BB2217D-0F2D-49D1-97BC-3654ED321F3B}") = "Bjd.ProxyHttpServer.CoreCLR", "Bjd.ProxyHttpServer.CoreCLR\Bjd.ProxyHttpServer.CoreCLR.xproj", "{0FD8CF7A-CB45-48A2-9175-53D869694935}"
EndProject
Project("{8BB2217D-0F2D-49D1-97BC-3654ED321F3B}") = "Bjd.ProxyFtpServer.CoreCLR", "Bjd.ProxyFtpServer.CoreCLR\Bjd.ProxyFtpServer.CoreCLR.xproj", "{5AC27898-65C7-45CC-842B-09997E481701}"
EndProject
Project("{8BB2217D-0F2D-49D1-97BC-3654ED321F3B}") = "Bjd.DhcpServer.CoreCLR", "Bjd.DhcpServer.CoreCLR\Bjd.DhcpServer.CoreCLR.xproj", "{CD1276EE-55F6-4AE8-97B8-5FE3222EE63A}"
EndProject
Project("{8BB2217D-0F2D-49D1-97BC-3654ED321F3B}") = "Bjd.DhcpServer.CoreCLR.Test", "Bjd.DhcpServer.CoreCLR.Test\Bjd.DhcpServer.CoreCLR.Test.xproj", "{83CA1BE5-58AB-48F9-91D6-9B4C22322F3A}"
EndProject
Project("{8BB2217D-0F2D-49D1-97BC-3654ED321F3B}") = "Bjd.DnsServer.CoreCLR.Test", "Bjd.DnsServer.CoreCLR.Test\Bjd.DnsServer.CoreCLR.Test.xproj", "{35F7ABA6-8E8E-4DF5-9AFE-2F49A353825C}"
EndProject
Project("{8BB2217D-0F2D-49D1-97BC-3654ED321F3B}") = "Bjd.FtpServer.CoreCLR.Test", "Bjd.FtpServer.CoreCLR.Test\Bjd.FtpServer.CoreCLR.Test.xproj", "{6F407C21-A6AC-4851-965B-4F8C20B38F56}"
EndProject
Project("{8BB2217D-0F2D-49D1-97BC-3654ED321F3B}") = "Bjd.Pop3Server.CoreCLR.Test", "Bjd.Pop3Server.CoreCLR.Test\Bjd.Pop3Server.CoreCLR.Test.xproj", "{65E3A9C9-DEBC-40D0-9DE0-E3C3AA489DB2}"
EndProject
Project("{8BB2217D-0F2D-49D1-97BC-3654ED321F3B}") = "Bjd.Common.CoreCLR.Test", "Bjd.Common.CoreCLR.Test\Bjd.Common.CoreCLR.Test.xproj", "{115D72BB-5ADF-49A9-A273-59068B5819DF}"
EndProject
Project("{8BB2217D-0F2D-49D1-97BC-3654ED321F3B}") = "Bjd.SmtpServer.CoreCLR.Test", "Bjd.SmtpServer.CoreCLR.Test\Bjd.SmtpServer.CoreCLR.Test.xproj", "{4CCE877E-32E5-49E6-B294-C404B0F42492}"
EndProject
Project("{8BB2217D-0F2D-49D1-97BC-3654ED321F3B}") = "Bjd.SipServer.CoreCLR.Test", "Bjd.SipServer.CoreCLR.Test\Bjd.SipServer.CoreCLR.Test.xproj", "{726A40E5-3135-4C3E-A391-3C1BFCE5C6CB}"
EndProject
Project("{8BB2217D-0F2D-49D1-97BC-3654ED321F3B}") = "Bjd.WebServer.CoreCLR.Test", "Bjd.WebServer.CoreCLR.Test\Bjd.WebServer.CoreCLR.Test.xproj", "{C92878E0-61F7-45B9-973C-39F96A378D86}"
EndProject
Project("{8BB2217D-0F2D-49D1-97BC-3654ED321F3B}") = "Bjd.ProxyHttpServer.CoreCLR.Test", "Bjd.ProxyHttpServer.CoreCLR.Test\Bjd.ProxyHttpServer.CoreCLR.Test.xproj", "{225DFCD8-2B6F-406C-8E5C-C6019ACB8127}"
EndProject
Project("{8BB2217D-0F2D-49D1-97BC-3654ED321F3B}") = "Bjd.ProxyPop3Server.CoreCLR.Test", "Bjd.ProxyPop3Server.CoreCLR.Test\Bjd.ProxyPop3Server.CoreCLR.Test.xproj", "{0454EBCE-084B-41C1-85DE-77DAD9FACA62}"
EndProject
Project("{8BB2217D-0F2D-49D1-97BC-3654ED321F3B}") = "Bjd.WebApiServer.CoreCLR.Test", "Bjd.WebApiServer.CoreCLR.Test\Bjd.WebApiServer.CoreCLR.Test.xproj", "{3261384C-4B07-497E-BE68-0AE1F8C03755}"
EndProject
Project("{8BB2217D-0F2D-49D1-97BC-3654ED321F3B}") = "Bjd.CoreCLR.Test", "Bjd.CoreCLR.Test\Bjd.CoreCLR.Test.xproj", "{3B59D154-A891-4741-A18D-4F4BC5CA3A52}"
EndProject
Global
	GlobalSection(SolutionConfigurationPlatforms) = preSolution
		CD_ROM|Any CPU = CD_ROM|Any CPU
		CD_ROM|Mixed Platforms = CD_ROM|Mixed Platforms
		CD_ROM|x86 = CD_ROM|x86
		Debug|Any CPU = Debug|Any CPU
		Debug|Mixed Platforms = Debug|Mixed Platforms
		Debug|x86 = Debug|x86
		DVD-5|Any CPU = DVD-5|Any CPU
		DVD-5|Mixed Platforms = DVD-5|Mixed Platforms
		DVD-5|x86 = DVD-5|x86
		Release|Any CPU = Release|Any CPU
		Release|Mixed Platforms = Release|Mixed Platforms
		Release|x86 = Release|x86
		SingleImage|Any CPU = SingleImage|Any CPU
		SingleImage|Mixed Platforms = SingleImage|Mixed Platforms
		SingleImage|x86 = SingleImage|x86
		Tmp|Any CPU = Tmp|Any CPU
		Tmp|Mixed Platforms = Tmp|Mixed Platforms
		Tmp|x86 = Tmp|x86
	EndGlobalSection
	GlobalSection(ProjectConfigurationPlatforms) = postSolution
		{2AD95029-FF06-4C7A-B516-F4EAE85C601C}.CD_ROM|Any CPU.ActiveCfg = Debug|Any CPU
		{2AD95029-FF06-4C7A-B516-F4EAE85C601C}.CD_ROM|Any CPU.Build.0 = Debug|Any CPU
		{2AD95029-FF06-4C7A-B516-F4EAE85C601C}.CD_ROM|Mixed Platforms.ActiveCfg = Debug|Any CPU
		{2AD95029-FF06-4C7A-B516-F4EAE85C601C}.CD_ROM|Mixed Platforms.Build.0 = Debug|Any CPU
		{2AD95029-FF06-4C7A-B516-F4EAE85C601C}.CD_ROM|x86.ActiveCfg = Debug|Any CPU
		{2AD95029-FF06-4C7A-B516-F4EAE85C601C}.CD_ROM|x86.Build.0 = Debug|Any CPU
		{2AD95029-FF06-4C7A-B516-F4EAE85C601C}.Debug|Any CPU.ActiveCfg = Debug|Any CPU
		{2AD95029-FF06-4C7A-B516-F4EAE85C601C}.Debug|Any CPU.Build.0 = Debug|Any CPU
		{2AD95029-FF06-4C7A-B516-F4EAE85C601C}.Debug|Mixed Platforms.ActiveCfg = Debug|Any CPU
		{2AD95029-FF06-4C7A-B516-F4EAE85C601C}.Debug|Mixed Platforms.Build.0 = Debug|Any CPU
		{2AD95029-FF06-4C7A-B516-F4EAE85C601C}.Debug|x86.ActiveCfg = Debug|Any CPU
		{2AD95029-FF06-4C7A-B516-F4EAE85C601C}.Debug|x86.Build.0 = Debug|Any CPU
		{2AD95029-FF06-4C7A-B516-F4EAE85C601C}.DVD-5|Any CPU.ActiveCfg = Debug|Any CPU
		{2AD95029-FF06-4C7A-B516-F4EAE85C601C}.DVD-5|Any CPU.Build.0 = Debug|Any CPU
		{2AD95029-FF06-4C7A-B516-F4EAE85C601C}.DVD-5|Mixed Platforms.ActiveCfg = Debug|Any CPU
		{2AD95029-FF06-4C7A-B516-F4EAE85C601C}.DVD-5|Mixed Platforms.Build.0 = Debug|Any CPU
		{2AD95029-FF06-4C7A-B516-F4EAE85C601C}.DVD-5|x86.ActiveCfg = Debug|Any CPU
		{2AD95029-FF06-4C7A-B516-F4EAE85C601C}.DVD-5|x86.Build.0 = Debug|Any CPU
		{2AD95029-FF06-4C7A-B516-F4EAE85C601C}.Release|Any CPU.ActiveCfg = Release|Any CPU
		{2AD95029-FF06-4C7A-B516-F4EAE85C601C}.Release|Any CPU.Build.0 = Release|Any CPU
		{2AD95029-FF06-4C7A-B516-F4EAE85C601C}.Release|Mixed Platforms.ActiveCfg = Release|Any CPU
		{2AD95029-FF06-4C7A-B516-F4EAE85C601C}.Release|Mixed Platforms.Build.0 = Release|Any CPU
		{2AD95029-FF06-4C7A-B516-F4EAE85C601C}.Release|x86.ActiveCfg = Release|Any CPU
		{2AD95029-FF06-4C7A-B516-F4EAE85C601C}.Release|x86.Build.0 = Release|Any CPU
		{2AD95029-FF06-4C7A-B516-F4EAE85C601C}.SingleImage|Any CPU.ActiveCfg = Debug|Any CPU
		{2AD95029-FF06-4C7A-B516-F4EAE85C601C}.SingleImage|Any CPU.Build.0 = Debug|Any CPU
		{2AD95029-FF06-4C7A-B516-F4EAE85C601C}.SingleImage|Mixed Platforms.ActiveCfg = Debug|Any CPU
		{2AD95029-FF06-4C7A-B516-F4EAE85C601C}.SingleImage|Mixed Platforms.Build.0 = Debug|Any CPU
		{2AD95029-FF06-4C7A-B516-F4EAE85C601C}.SingleImage|x86.ActiveCfg = Debug|Any CPU
		{2AD95029-FF06-4C7A-B516-F4EAE85C601C}.SingleImage|x86.Build.0 = Debug|Any CPU
		{2AD95029-FF06-4C7A-B516-F4EAE85C601C}.Tmp|Any CPU.ActiveCfg = Debug|Any CPU
		{2AD95029-FF06-4C7A-B516-F4EAE85C601C}.Tmp|Any CPU.Build.0 = Debug|Any CPU
		{2AD95029-FF06-4C7A-B516-F4EAE85C601C}.Tmp|Mixed Platforms.ActiveCfg = Debug|Any CPU
		{2AD95029-FF06-4C7A-B516-F4EAE85C601C}.Tmp|Mixed Platforms.Build.0 = Debug|Any CPU
		{2AD95029-FF06-4C7A-B516-F4EAE85C601C}.Tmp|x86.ActiveCfg = Debug|Any CPU
		{2AD95029-FF06-4C7A-B516-F4EAE85C601C}.Tmp|x86.Build.0 = Debug|Any CPU
		{98424797-EAEF-4717-B8D9-BDF587AA370B}.CD_ROM|Any CPU.ActiveCfg = Debug|Any CPU
		{98424797-EAEF-4717-B8D9-BDF587AA370B}.CD_ROM|Any CPU.Build.0 = Debug|Any CPU
		{98424797-EAEF-4717-B8D9-BDF587AA370B}.CD_ROM|Mixed Platforms.ActiveCfg = Debug|Any CPU
		{98424797-EAEF-4717-B8D9-BDF587AA370B}.CD_ROM|Mixed Platforms.Build.0 = Debug|Any CPU
		{98424797-EAEF-4717-B8D9-BDF587AA370B}.CD_ROM|x86.ActiveCfg = Debug|Any CPU
		{98424797-EAEF-4717-B8D9-BDF587AA370B}.CD_ROM|x86.Build.0 = Debug|Any CPU
		{98424797-EAEF-4717-B8D9-BDF587AA370B}.Debug|Any CPU.ActiveCfg = Debug|Any CPU
		{98424797-EAEF-4717-B8D9-BDF587AA370B}.Debug|Any CPU.Build.0 = Debug|Any CPU
		{98424797-EAEF-4717-B8D9-BDF587AA370B}.Debug|Mixed Platforms.ActiveCfg = Debug|Any CPU
		{98424797-EAEF-4717-B8D9-BDF587AA370B}.Debug|Mixed Platforms.Build.0 = Debug|Any CPU
		{98424797-EAEF-4717-B8D9-BDF587AA370B}.Debug|x86.ActiveCfg = Debug|Any CPU
		{98424797-EAEF-4717-B8D9-BDF587AA370B}.Debug|x86.Build.0 = Debug|Any CPU
		{98424797-EAEF-4717-B8D9-BDF587AA370B}.DVD-5|Any CPU.ActiveCfg = Debug|Any CPU
		{98424797-EAEF-4717-B8D9-BDF587AA370B}.DVD-5|Any CPU.Build.0 = Debug|Any CPU
		{98424797-EAEF-4717-B8D9-BDF587AA370B}.DVD-5|Mixed Platforms.ActiveCfg = Debug|Any CPU
		{98424797-EAEF-4717-B8D9-BDF587AA370B}.DVD-5|Mixed Platforms.Build.0 = Debug|Any CPU
		{98424797-EAEF-4717-B8D9-BDF587AA370B}.DVD-5|x86.ActiveCfg = Debug|Any CPU
		{98424797-EAEF-4717-B8D9-BDF587AA370B}.DVD-5|x86.Build.0 = Debug|Any CPU
		{98424797-EAEF-4717-B8D9-BDF587AA370B}.Release|Any CPU.ActiveCfg = Release|Any CPU
		{98424797-EAEF-4717-B8D9-BDF587AA370B}.Release|Any CPU.Build.0 = Release|Any CPU
		{98424797-EAEF-4717-B8D9-BDF587AA370B}.Release|Mixed Platforms.ActiveCfg = Release|Any CPU
		{98424797-EAEF-4717-B8D9-BDF587AA370B}.Release|Mixed Platforms.Build.0 = Release|Any CPU
		{98424797-EAEF-4717-B8D9-BDF587AA370B}.Release|x86.ActiveCfg = Release|Any CPU
		{98424797-EAEF-4717-B8D9-BDF587AA370B}.Release|x86.Build.0 = Release|Any CPU
		{98424797-EAEF-4717-B8D9-BDF587AA370B}.SingleImage|Any CPU.ActiveCfg = Debug|Any CPU
		{98424797-EAEF-4717-B8D9-BDF587AA370B}.SingleImage|Any CPU.Build.0 = Debug|Any CPU
		{98424797-EAEF-4717-B8D9-BDF587AA370B}.SingleImage|Mixed Platforms.ActiveCfg = Debug|Any CPU
		{98424797-EAEF-4717-B8D9-BDF587AA370B}.SingleImage|Mixed Platforms.Build.0 = Debug|Any CPU
		{98424797-EAEF-4717-B8D9-BDF587AA370B}.SingleImage|x86.ActiveCfg = Debug|Any CPU
		{98424797-EAEF-4717-B8D9-BDF587AA370B}.SingleImage|x86.Build.0 = Debug|Any CPU
		{98424797-EAEF-4717-B8D9-BDF587AA370B}.Tmp|Any CPU.ActiveCfg = Debug|Any CPU
		{98424797-EAEF-4717-B8D9-BDF587AA370B}.Tmp|Any CPU.Build.0 = Debug|Any CPU
		{98424797-EAEF-4717-B8D9-BDF587AA370B}.Tmp|Mixed Platforms.ActiveCfg = Debug|Any CPU
		{98424797-EAEF-4717-B8D9-BDF587AA370B}.Tmp|Mixed Platforms.Build.0 = Debug|Any CPU
		{98424797-EAEF-4717-B8D9-BDF587AA370B}.Tmp|x86.ActiveCfg = Debug|Any CPU
		{98424797-EAEF-4717-B8D9-BDF587AA370B}.Tmp|x86.Build.0 = Debug|Any CPU
		{E12B4DAC-A11D-4F8F-8D38-6B4CAE9F156E}.CD_ROM|Any CPU.ActiveCfg = Debug|Any CPU
		{E12B4DAC-A11D-4F8F-8D38-6B4CAE9F156E}.CD_ROM|Any CPU.Build.0 = Debug|Any CPU
		{E12B4DAC-A11D-4F8F-8D38-6B4CAE9F156E}.CD_ROM|Mixed Platforms.ActiveCfg = Debug|Any CPU
		{E12B4DAC-A11D-4F8F-8D38-6B4CAE9F156E}.CD_ROM|Mixed Platforms.Build.0 = Debug|Any CPU
		{E12B4DAC-A11D-4F8F-8D38-6B4CAE9F156E}.CD_ROM|x86.ActiveCfg = Debug|Any CPU
		{E12B4DAC-A11D-4F8F-8D38-6B4CAE9F156E}.CD_ROM|x86.Build.0 = Debug|Any CPU
		{E12B4DAC-A11D-4F8F-8D38-6B4CAE9F156E}.Debug|Any CPU.ActiveCfg = Debug|Any CPU
		{E12B4DAC-A11D-4F8F-8D38-6B4CAE9F156E}.Debug|Any CPU.Build.0 = Debug|Any CPU
		{E12B4DAC-A11D-4F8F-8D38-6B4CAE9F156E}.Debug|Mixed Platforms.ActiveCfg = Debug|Any CPU
		{E12B4DAC-A11D-4F8F-8D38-6B4CAE9F156E}.Debug|Mixed Platforms.Build.0 = Debug|Any CPU
		{E12B4DAC-A11D-4F8F-8D38-6B4CAE9F156E}.Debug|x86.ActiveCfg = Debug|Any CPU
		{E12B4DAC-A11D-4F8F-8D38-6B4CAE9F156E}.Debug|x86.Build.0 = Debug|Any CPU
		{E12B4DAC-A11D-4F8F-8D38-6B4CAE9F156E}.DVD-5|Any CPU.ActiveCfg = Debug|Any CPU
		{E12B4DAC-A11D-4F8F-8D38-6B4CAE9F156E}.DVD-5|Any CPU.Build.0 = Debug|Any CPU
		{E12B4DAC-A11D-4F8F-8D38-6B4CAE9F156E}.DVD-5|Mixed Platforms.ActiveCfg = Debug|Any CPU
		{E12B4DAC-A11D-4F8F-8D38-6B4CAE9F156E}.DVD-5|Mixed Platforms.Build.0 = Debug|Any CPU
		{E12B4DAC-A11D-4F8F-8D38-6B4CAE9F156E}.DVD-5|x86.ActiveCfg = Debug|Any CPU
		{E12B4DAC-A11D-4F8F-8D38-6B4CAE9F156E}.DVD-5|x86.Build.0 = Debug|Any CPU
		{E12B4DAC-A11D-4F8F-8D38-6B4CAE9F156E}.Release|Any CPU.ActiveCfg = Release|Any CPU
		{E12B4DAC-A11D-4F8F-8D38-6B4CAE9F156E}.Release|Any CPU.Build.0 = Release|Any CPU
		{E12B4DAC-A11D-4F8F-8D38-6B4CAE9F156E}.Release|Mixed Platforms.ActiveCfg = Release|Any CPU
		{E12B4DAC-A11D-4F8F-8D38-6B4CAE9F156E}.Release|Mixed Platforms.Build.0 = Release|Any CPU
		{E12B4DAC-A11D-4F8F-8D38-6B4CAE9F156E}.Release|x86.ActiveCfg = Release|Any CPU
		{E12B4DAC-A11D-4F8F-8D38-6B4CAE9F156E}.Release|x86.Build.0 = Release|Any CPU
		{E12B4DAC-A11D-4F8F-8D38-6B4CAE9F156E}.SingleImage|Any CPU.ActiveCfg = Debug|Any CPU
		{E12B4DAC-A11D-4F8F-8D38-6B4CAE9F156E}.SingleImage|Any CPU.Build.0 = Debug|Any CPU
		{E12B4DAC-A11D-4F8F-8D38-6B4CAE9F156E}.SingleImage|Mixed Platforms.ActiveCfg = Debug|Any CPU
		{E12B4DAC-A11D-4F8F-8D38-6B4CAE9F156E}.SingleImage|Mixed Platforms.Build.0 = Debug|Any CPU
		{E12B4DAC-A11D-4F8F-8D38-6B4CAE9F156E}.SingleImage|x86.ActiveCfg = Debug|Any CPU
		{E12B4DAC-A11D-4F8F-8D38-6B4CAE9F156E}.SingleImage|x86.Build.0 = Debug|Any CPU
		{E12B4DAC-A11D-4F8F-8D38-6B4CAE9F156E}.Tmp|Any CPU.ActiveCfg = Debug|Any CPU
		{E12B4DAC-A11D-4F8F-8D38-6B4CAE9F156E}.Tmp|Any CPU.Build.0 = Debug|Any CPU
		{E12B4DAC-A11D-4F8F-8D38-6B4CAE9F156E}.Tmp|Mixed Platforms.ActiveCfg = Debug|Any CPU
		{E12B4DAC-A11D-4F8F-8D38-6B4CAE9F156E}.Tmp|Mixed Platforms.Build.0 = Debug|Any CPU
		{E12B4DAC-A11D-4F8F-8D38-6B4CAE9F156E}.Tmp|x86.ActiveCfg = Debug|Any CPU
		{E12B4DAC-A11D-4F8F-8D38-6B4CAE9F156E}.Tmp|x86.Build.0 = Debug|Any CPU
		{0BCCDB32-14E6-4705-A2B2-BD608C770280}.CD_ROM|Any CPU.ActiveCfg = Debug|Any CPU
		{0BCCDB32-14E6-4705-A2B2-BD608C770280}.CD_ROM|Any CPU.Build.0 = Debug|Any CPU
		{0BCCDB32-14E6-4705-A2B2-BD608C770280}.CD_ROM|Mixed Platforms.ActiveCfg = Debug|Any CPU
		{0BCCDB32-14E6-4705-A2B2-BD608C770280}.CD_ROM|Mixed Platforms.Build.0 = Debug|Any CPU
		{0BCCDB32-14E6-4705-A2B2-BD608C770280}.CD_ROM|x86.ActiveCfg = Debug|Any CPU
		{0BCCDB32-14E6-4705-A2B2-BD608C770280}.CD_ROM|x86.Build.0 = Debug|Any CPU
		{0BCCDB32-14E6-4705-A2B2-BD608C770280}.Debug|Any CPU.ActiveCfg = Debug|Any CPU
		{0BCCDB32-14E6-4705-A2B2-BD608C770280}.Debug|Any CPU.Build.0 = Debug|Any CPU
		{0BCCDB32-14E6-4705-A2B2-BD608C770280}.Debug|Mixed Platforms.ActiveCfg = Debug|Any CPU
		{0BCCDB32-14E6-4705-A2B2-BD608C770280}.Debug|Mixed Platforms.Build.0 = Debug|Any CPU
		{0BCCDB32-14E6-4705-A2B2-BD608C770280}.Debug|x86.ActiveCfg = Debug|Any CPU
		{0BCCDB32-14E6-4705-A2B2-BD608C770280}.Debug|x86.Build.0 = Debug|Any CPU
		{0BCCDB32-14E6-4705-A2B2-BD608C770280}.DVD-5|Any CPU.ActiveCfg = Debug|Any CPU
		{0BCCDB32-14E6-4705-A2B2-BD608C770280}.DVD-5|Any CPU.Build.0 = Debug|Any CPU
		{0BCCDB32-14E6-4705-A2B2-BD608C770280}.DVD-5|Mixed Platforms.ActiveCfg = Debug|Any CPU
		{0BCCDB32-14E6-4705-A2B2-BD608C770280}.DVD-5|Mixed Platforms.Build.0 = Debug|Any CPU
		{0BCCDB32-14E6-4705-A2B2-BD608C770280}.DVD-5|x86.ActiveCfg = Debug|Any CPU
		{0BCCDB32-14E6-4705-A2B2-BD608C770280}.DVD-5|x86.Build.0 = Debug|Any CPU
		{0BCCDB32-14E6-4705-A2B2-BD608C770280}.Release|Any CPU.ActiveCfg = Release|Any CPU
		{0BCCDB32-14E6-4705-A2B2-BD608C770280}.Release|Any CPU.Build.0 = Release|Any CPU
		{0BCCDB32-14E6-4705-A2B2-BD608C770280}.Release|Mixed Platforms.ActiveCfg = Release|Any CPU
		{0BCCDB32-14E6-4705-A2B2-BD608C770280}.Release|Mixed Platforms.Build.0 = Release|Any CPU
		{0BCCDB32-14E6-4705-A2B2-BD608C770280}.Release|x86.ActiveCfg = Release|Any CPU
		{0BCCDB32-14E6-4705-A2B2-BD608C770280}.Release|x86.Build.0 = Release|Any CPU
		{0BCCDB32-14E6-4705-A2B2-BD608C770280}.SingleImage|Any CPU.ActiveCfg = Debug|Any CPU
		{0BCCDB32-14E6-4705-A2B2-BD608C770280}.SingleImage|Any CPU.Build.0 = Debug|Any CPU
		{0BCCDB32-14E6-4705-A2B2-BD608C770280}.SingleImage|Mixed Platforms.ActiveCfg = Debug|Any CPU
		{0BCCDB32-14E6-4705-A2B2-BD608C770280}.SingleImage|Mixed Platforms.Build.0 = Debug|Any CPU
		{0BCCDB32-14E6-4705-A2B2-BD608C770280}.SingleImage|x86.ActiveCfg = Debug|Any CPU
		{0BCCDB32-14E6-4705-A2B2-BD608C770280}.SingleImage|x86.Build.0 = Debug|Any CPU
		{0BCCDB32-14E6-4705-A2B2-BD608C770280}.Tmp|Any CPU.ActiveCfg = Debug|Any CPU
		{0BCCDB32-14E6-4705-A2B2-BD608C770280}.Tmp|Any CPU.Build.0 = Debug|Any CPU
		{0BCCDB32-14E6-4705-A2B2-BD608C770280}.Tmp|Mixed Platforms.ActiveCfg = Debug|Any CPU
		{0BCCDB32-14E6-4705-A2B2-BD608C770280}.Tmp|Mixed Platforms.Build.0 = Debug|Any CPU
		{0BCCDB32-14E6-4705-A2B2-BD608C770280}.Tmp|x86.ActiveCfg = Debug|Any CPU
		{0BCCDB32-14E6-4705-A2B2-BD608C770280}.Tmp|x86.Build.0 = Debug|Any CPU
		{2E294B64-0F25-4342-8181-E082F3309B5C}.CD_ROM|Any CPU.ActiveCfg = Debug|Any CPU
		{2E294B64-0F25-4342-8181-E082F3309B5C}.CD_ROM|Any CPU.Build.0 = Debug|Any CPU
		{2E294B64-0F25-4342-8181-E082F3309B5C}.CD_ROM|Mixed Platforms.ActiveCfg = Debug|Any CPU
		{2E294B64-0F25-4342-8181-E082F3309B5C}.CD_ROM|Mixed Platforms.Build.0 = Debug|Any CPU
		{2E294B64-0F25-4342-8181-E082F3309B5C}.CD_ROM|x86.ActiveCfg = Debug|Any CPU
		{2E294B64-0F25-4342-8181-E082F3309B5C}.CD_ROM|x86.Build.0 = Debug|Any CPU
		{2E294B64-0F25-4342-8181-E082F3309B5C}.Debug|Any CPU.ActiveCfg = Debug|Any CPU
		{2E294B64-0F25-4342-8181-E082F3309B5C}.Debug|Any CPU.Build.0 = Debug|Any CPU
		{2E294B64-0F25-4342-8181-E082F3309B5C}.Debug|Mixed Platforms.ActiveCfg = Debug|Any CPU
		{2E294B64-0F25-4342-8181-E082F3309B5C}.Debug|Mixed Platforms.Build.0 = Debug|Any CPU
		{2E294B64-0F25-4342-8181-E082F3309B5C}.Debug|x86.ActiveCfg = Debug|Any CPU
		{2E294B64-0F25-4342-8181-E082F3309B5C}.Debug|x86.Build.0 = Debug|Any CPU
		{2E294B64-0F25-4342-8181-E082F3309B5C}.DVD-5|Any CPU.ActiveCfg = Debug|Any CPU
		{2E294B64-0F25-4342-8181-E082F3309B5C}.DVD-5|Any CPU.Build.0 = Debug|Any CPU
		{2E294B64-0F25-4342-8181-E082F3309B5C}.DVD-5|Mixed Platforms.ActiveCfg = Debug|Any CPU
		{2E294B64-0F25-4342-8181-E082F3309B5C}.DVD-5|Mixed Platforms.Build.0 = Debug|Any CPU
		{2E294B64-0F25-4342-8181-E082F3309B5C}.DVD-5|x86.ActiveCfg = Debug|Any CPU
		{2E294B64-0F25-4342-8181-E082F3309B5C}.DVD-5|x86.Build.0 = Debug|Any CPU
		{2E294B64-0F25-4342-8181-E082F3309B5C}.Release|Any CPU.ActiveCfg = Release|Any CPU
		{2E294B64-0F25-4342-8181-E082F3309B5C}.Release|Any CPU.Build.0 = Release|Any CPU
		{2E294B64-0F25-4342-8181-E082F3309B5C}.Release|Mixed Platforms.ActiveCfg = Release|Any CPU
		{2E294B64-0F25-4342-8181-E082F3309B5C}.Release|Mixed Platforms.Build.0 = Release|Any CPU
		{2E294B64-0F25-4342-8181-E082F3309B5C}.Release|x86.ActiveCfg = Release|Any CPU
		{2E294B64-0F25-4342-8181-E082F3309B5C}.Release|x86.Build.0 = Release|Any CPU
		{2E294B64-0F25-4342-8181-E082F3309B5C}.SingleImage|Any CPU.ActiveCfg = Debug|Any CPU
		{2E294B64-0F25-4342-8181-E082F3309B5C}.SingleImage|Any CPU.Build.0 = Debug|Any CPU
		{2E294B64-0F25-4342-8181-E082F3309B5C}.SingleImage|Mixed Platforms.ActiveCfg = Debug|Any CPU
		{2E294B64-0F25-4342-8181-E082F3309B5C}.SingleImage|Mixed Platforms.Build.0 = Debug|Any CPU
		{2E294B64-0F25-4342-8181-E082F3309B5C}.SingleImage|x86.ActiveCfg = Debug|Any CPU
		{2E294B64-0F25-4342-8181-E082F3309B5C}.SingleImage|x86.Build.0 = Debug|Any CPU
		{2E294B64-0F25-4342-8181-E082F3309B5C}.Tmp|Any CPU.ActiveCfg = Debug|Any CPU
		{2E294B64-0F25-4342-8181-E082F3309B5C}.Tmp|Any CPU.Build.0 = Debug|Any CPU
		{2E294B64-0F25-4342-8181-E082F3309B5C}.Tmp|Mixed Platforms.ActiveCfg = Debug|Any CPU
		{2E294B64-0F25-4342-8181-E082F3309B5C}.Tmp|Mixed Platforms.Build.0 = Debug|Any CPU
		{2E294B64-0F25-4342-8181-E082F3309B5C}.Tmp|x86.ActiveCfg = Debug|Any CPU
		{2E294B64-0F25-4342-8181-E082F3309B5C}.Tmp|x86.Build.0 = Debug|Any CPU
		{408A5086-D802-4F25-8E9B-82F0E3830721}.CD_ROM|Any CPU.ActiveCfg = Debug|Any CPU
		{408A5086-D802-4F25-8E9B-82F0E3830721}.CD_ROM|Any CPU.Build.0 = Debug|Any CPU
		{408A5086-D802-4F25-8E9B-82F0E3830721}.CD_ROM|Mixed Platforms.ActiveCfg = Debug|Any CPU
		{408A5086-D802-4F25-8E9B-82F0E3830721}.CD_ROM|Mixed Platforms.Build.0 = Debug|Any CPU
		{408A5086-D802-4F25-8E9B-82F0E3830721}.CD_ROM|x86.ActiveCfg = Debug|Any CPU
		{408A5086-D802-4F25-8E9B-82F0E3830721}.CD_ROM|x86.Build.0 = Debug|Any CPU
		{408A5086-D802-4F25-8E9B-82F0E3830721}.Debug|Any CPU.ActiveCfg = Debug|Any CPU
		{408A5086-D802-4F25-8E9B-82F0E3830721}.Debug|Any CPU.Build.0 = Debug|Any CPU
		{408A5086-D802-4F25-8E9B-82F0E3830721}.Debug|Mixed Platforms.ActiveCfg = Debug|Any CPU
		{408A5086-D802-4F25-8E9B-82F0E3830721}.Debug|Mixed Platforms.Build.0 = Debug|Any CPU
		{408A5086-D802-4F25-8E9B-82F0E3830721}.Debug|x86.ActiveCfg = Debug|Any CPU
		{408A5086-D802-4F25-8E9B-82F0E3830721}.Debug|x86.Build.0 = Debug|Any CPU
		{408A5086-D802-4F25-8E9B-82F0E3830721}.DVD-5|Any CPU.ActiveCfg = Debug|Any CPU
		{408A5086-D802-4F25-8E9B-82F0E3830721}.DVD-5|Any CPU.Build.0 = Debug|Any CPU
		{408A5086-D802-4F25-8E9B-82F0E3830721}.DVD-5|Mixed Platforms.ActiveCfg = Debug|Any CPU
		{408A5086-D802-4F25-8E9B-82F0E3830721}.DVD-5|Mixed Platforms.Build.0 = Debug|Any CPU
		{408A5086-D802-4F25-8E9B-82F0E3830721}.DVD-5|x86.ActiveCfg = Debug|Any CPU
		{408A5086-D802-4F25-8E9B-82F0E3830721}.DVD-5|x86.Build.0 = Debug|Any CPU
		{408A5086-D802-4F25-8E9B-82F0E3830721}.Release|Any CPU.ActiveCfg = Release|Any CPU
		{408A5086-D802-4F25-8E9B-82F0E3830721}.Release|Any CPU.Build.0 = Release|Any CPU
		{408A5086-D802-4F25-8E9B-82F0E3830721}.Release|Mixed Platforms.ActiveCfg = Release|Any CPU
		{408A5086-D802-4F25-8E9B-82F0E3830721}.Release|Mixed Platforms.Build.0 = Release|Any CPU
		{408A5086-D802-4F25-8E9B-82F0E3830721}.Release|x86.ActiveCfg = Release|Any CPU
		{408A5086-D802-4F25-8E9B-82F0E3830721}.Release|x86.Build.0 = Release|Any CPU
		{408A5086-D802-4F25-8E9B-82F0E3830721}.SingleImage|Any CPU.ActiveCfg = Debug|Any CPU
		{408A5086-D802-4F25-8E9B-82F0E3830721}.SingleImage|Any CPU.Build.0 = Debug|Any CPU
		{408A5086-D802-4F25-8E9B-82F0E3830721}.SingleImage|Mixed Platforms.ActiveCfg = Debug|Any CPU
		{408A5086-D802-4F25-8E9B-82F0E3830721}.SingleImage|Mixed Platforms.Build.0 = Debug|Any CPU
		{408A5086-D802-4F25-8E9B-82F0E3830721}.SingleImage|x86.ActiveCfg = Debug|Any CPU
		{408A5086-D802-4F25-8E9B-82F0E3830721}.SingleImage|x86.Build.0 = Debug|Any CPU
		{408A5086-D802-4F25-8E9B-82F0E3830721}.Tmp|Any CPU.ActiveCfg = Debug|Any CPU
		{408A5086-D802-4F25-8E9B-82F0E3830721}.Tmp|Any CPU.Build.0 = Debug|Any CPU
		{408A5086-D802-4F25-8E9B-82F0E3830721}.Tmp|Mixed Platforms.ActiveCfg = Debug|Any CPU
		{408A5086-D802-4F25-8E9B-82F0E3830721}.Tmp|Mixed Platforms.Build.0 = Debug|Any CPU
		{408A5086-D802-4F25-8E9B-82F0E3830721}.Tmp|x86.ActiveCfg = Debug|Any CPU
		{408A5086-D802-4F25-8E9B-82F0E3830721}.Tmp|x86.Build.0 = Debug|Any CPU
		{A269B873-2D8F-4C83-B1A5-03FF35FF48ED}.CD_ROM|Any CPU.ActiveCfg = Debug|Any CPU
		{A269B873-2D8F-4C83-B1A5-03FF35FF48ED}.CD_ROM|Any CPU.Build.0 = Debug|Any CPU
		{A269B873-2D8F-4C83-B1A5-03FF35FF48ED}.CD_ROM|Mixed Platforms.ActiveCfg = Debug|Any CPU
		{A269B873-2D8F-4C83-B1A5-03FF35FF48ED}.CD_ROM|Mixed Platforms.Build.0 = Debug|Any CPU
		{A269B873-2D8F-4C83-B1A5-03FF35FF48ED}.CD_ROM|x86.ActiveCfg = Debug|Any CPU
		{A269B873-2D8F-4C83-B1A5-03FF35FF48ED}.CD_ROM|x86.Build.0 = Debug|Any CPU
		{A269B873-2D8F-4C83-B1A5-03FF35FF48ED}.Debug|Any CPU.ActiveCfg = Debug|Any CPU
		{A269B873-2D8F-4C83-B1A5-03FF35FF48ED}.Debug|Any CPU.Build.0 = Debug|Any CPU
		{A269B873-2D8F-4C83-B1A5-03FF35FF48ED}.Debug|Mixed Platforms.ActiveCfg = Debug|Any CPU
		{A269B873-2D8F-4C83-B1A5-03FF35FF48ED}.Debug|Mixed Platforms.Build.0 = Debug|Any CPU
		{A269B873-2D8F-4C83-B1A5-03FF35FF48ED}.Debug|x86.ActiveCfg = Debug|Any CPU
		{A269B873-2D8F-4C83-B1A5-03FF35FF48ED}.Debug|x86.Build.0 = Debug|Any CPU
		{A269B873-2D8F-4C83-B1A5-03FF35FF48ED}.DVD-5|Any CPU.ActiveCfg = Debug|Any CPU
		{A269B873-2D8F-4C83-B1A5-03FF35FF48ED}.DVD-5|Any CPU.Build.0 = Debug|Any CPU
		{A269B873-2D8F-4C83-B1A5-03FF35FF48ED}.DVD-5|Mixed Platforms.ActiveCfg = Debug|Any CPU
		{A269B873-2D8F-4C83-B1A5-03FF35FF48ED}.DVD-5|Mixed Platforms.Build.0 = Debug|Any CPU
		{A269B873-2D8F-4C83-B1A5-03FF35FF48ED}.DVD-5|x86.ActiveCfg = Debug|Any CPU
		{A269B873-2D8F-4C83-B1A5-03FF35FF48ED}.DVD-5|x86.Build.0 = Debug|Any CPU
		{A269B873-2D8F-4C83-B1A5-03FF35FF48ED}.Release|Any CPU.ActiveCfg = Release|Any CPU
		{A269B873-2D8F-4C83-B1A5-03FF35FF48ED}.Release|Any CPU.Build.0 = Release|Any CPU
		{A269B873-2D8F-4C83-B1A5-03FF35FF48ED}.Release|Mixed Platforms.ActiveCfg = Release|Any CPU
		{A269B873-2D8F-4C83-B1A5-03FF35FF48ED}.Release|Mixed Platforms.Build.0 = Release|Any CPU
		{A269B873-2D8F-4C83-B1A5-03FF35FF48ED}.Release|x86.ActiveCfg = Release|Any CPU
		{A269B873-2D8F-4C83-B1A5-03FF35FF48ED}.Release|x86.Build.0 = Release|Any CPU
		{A269B873-2D8F-4C83-B1A5-03FF35FF48ED}.SingleImage|Any CPU.ActiveCfg = Debug|Any CPU
		{A269B873-2D8F-4C83-B1A5-03FF35FF48ED}.SingleImage|Any CPU.Build.0 = Debug|Any CPU
		{A269B873-2D8F-4C83-B1A5-03FF35FF48ED}.SingleImage|Mixed Platforms.ActiveCfg = Debug|Any CPU
		{A269B873-2D8F-4C83-B1A5-03FF35FF48ED}.SingleImage|Mixed Platforms.Build.0 = Debug|Any CPU
		{A269B873-2D8F-4C83-B1A5-03FF35FF48ED}.SingleImage|x86.ActiveCfg = Debug|Any CPU
		{A269B873-2D8F-4C83-B1A5-03FF35FF48ED}.SingleImage|x86.Build.0 = Debug|Any CPU
		{A269B873-2D8F-4C83-B1A5-03FF35FF48ED}.Tmp|Any CPU.ActiveCfg = Debug|Any CPU
		{A269B873-2D8F-4C83-B1A5-03FF35FF48ED}.Tmp|Any CPU.Build.0 = Debug|Any CPU
		{A269B873-2D8F-4C83-B1A5-03FF35FF48ED}.Tmp|Mixed Platforms.ActiveCfg = Debug|Any CPU
		{A269B873-2D8F-4C83-B1A5-03FF35FF48ED}.Tmp|Mixed Platforms.Build.0 = Debug|Any CPU
		{A269B873-2D8F-4C83-B1A5-03FF35FF48ED}.Tmp|x86.ActiveCfg = Debug|Any CPU
		{A269B873-2D8F-4C83-B1A5-03FF35FF48ED}.Tmp|x86.Build.0 = Debug|Any CPU
		{EC34B552-06A6-4510-86DD-D18B137A2F47}.CD_ROM|Any CPU.ActiveCfg = Debug|Any CPU
		{EC34B552-06A6-4510-86DD-D18B137A2F47}.CD_ROM|Any CPU.Build.0 = Debug|Any CPU
		{EC34B552-06A6-4510-86DD-D18B137A2F47}.CD_ROM|Mixed Platforms.ActiveCfg = Debug|Any CPU
		{EC34B552-06A6-4510-86DD-D18B137A2F47}.CD_ROM|Mixed Platforms.Build.0 = Debug|Any CPU
		{EC34B552-06A6-4510-86DD-D18B137A2F47}.CD_ROM|x86.ActiveCfg = Debug|Any CPU
		{EC34B552-06A6-4510-86DD-D18B137A2F47}.CD_ROM|x86.Build.0 = Debug|Any CPU
		{EC34B552-06A6-4510-86DD-D18B137A2F47}.Debug|Any CPU.ActiveCfg = Debug|Any CPU
		{EC34B552-06A6-4510-86DD-D18B137A2F47}.Debug|Any CPU.Build.0 = Debug|Any CPU
		{EC34B552-06A6-4510-86DD-D18B137A2F47}.Debug|Mixed Platforms.ActiveCfg = Debug|Any CPU
		{EC34B552-06A6-4510-86DD-D18B137A2F47}.Debug|Mixed Platforms.Build.0 = Debug|Any CPU
		{EC34B552-06A6-4510-86DD-D18B137A2F47}.Debug|x86.ActiveCfg = Debug|Any CPU
		{EC34B552-06A6-4510-86DD-D18B137A2F47}.Debug|x86.Build.0 = Debug|Any CPU
		{EC34B552-06A6-4510-86DD-D18B137A2F47}.DVD-5|Any CPU.ActiveCfg = Debug|Any CPU
		{EC34B552-06A6-4510-86DD-D18B137A2F47}.DVD-5|Any CPU.Build.0 = Debug|Any CPU
		{EC34B552-06A6-4510-86DD-D18B137A2F47}.DVD-5|Mixed Platforms.ActiveCfg = Debug|Any CPU
		{EC34B552-06A6-4510-86DD-D18B137A2F47}.DVD-5|Mixed Platforms.Build.0 = Debug|Any CPU
		{EC34B552-06A6-4510-86DD-D18B137A2F47}.DVD-5|x86.ActiveCfg = Debug|Any CPU
		{EC34B552-06A6-4510-86DD-D18B137A2F47}.DVD-5|x86.Build.0 = Debug|Any CPU
		{EC34B552-06A6-4510-86DD-D18B137A2F47}.Release|Any CPU.ActiveCfg = Release|Any CPU
		{EC34B552-06A6-4510-86DD-D18B137A2F47}.Release|Any CPU.Build.0 = Release|Any CPU
		{EC34B552-06A6-4510-86DD-D18B137A2F47}.Release|Mixed Platforms.ActiveCfg = Release|Any CPU
		{EC34B552-06A6-4510-86DD-D18B137A2F47}.Release|Mixed Platforms.Build.0 = Release|Any CPU
		{EC34B552-06A6-4510-86DD-D18B137A2F47}.Release|x86.ActiveCfg = Release|Any CPU
		{EC34B552-06A6-4510-86DD-D18B137A2F47}.Release|x86.Build.0 = Release|Any CPU
		{EC34B552-06A6-4510-86DD-D18B137A2F47}.SingleImage|Any CPU.ActiveCfg = Debug|Any CPU
		{EC34B552-06A6-4510-86DD-D18B137A2F47}.SingleImage|Any CPU.Build.0 = Debug|Any CPU
		{EC34B552-06A6-4510-86DD-D18B137A2F47}.SingleImage|Mixed Platforms.ActiveCfg = Debug|Any CPU
		{EC34B552-06A6-4510-86DD-D18B137A2F47}.SingleImage|Mixed Platforms.Build.0 = Debug|Any CPU
		{EC34B552-06A6-4510-86DD-D18B137A2F47}.SingleImage|x86.ActiveCfg = Debug|Any CPU
		{EC34B552-06A6-4510-86DD-D18B137A2F47}.SingleImage|x86.Build.0 = Debug|Any CPU
		{EC34B552-06A6-4510-86DD-D18B137A2F47}.Tmp|Any CPU.ActiveCfg = Debug|Any CPU
		{EC34B552-06A6-4510-86DD-D18B137A2F47}.Tmp|Any CPU.Build.0 = Debug|Any CPU
		{EC34B552-06A6-4510-86DD-D18B137A2F47}.Tmp|Mixed Platforms.ActiveCfg = Debug|Any CPU
		{EC34B552-06A6-4510-86DD-D18B137A2F47}.Tmp|Mixed Platforms.Build.0 = Debug|Any CPU
		{EC34B552-06A6-4510-86DD-D18B137A2F47}.Tmp|x86.ActiveCfg = Debug|Any CPU
		{EC34B552-06A6-4510-86DD-D18B137A2F47}.Tmp|x86.Build.0 = Debug|Any CPU
		{FE47EE07-A4F0-45D7-A20F-3CC4C59ED09E}.CD_ROM|Any CPU.ActiveCfg = Debug|Any CPU
		{FE47EE07-A4F0-45D7-A20F-3CC4C59ED09E}.CD_ROM|Any CPU.Build.0 = Debug|Any CPU
		{FE47EE07-A4F0-45D7-A20F-3CC4C59ED09E}.CD_ROM|Mixed Platforms.ActiveCfg = Debug|Any CPU
		{FE47EE07-A4F0-45D7-A20F-3CC4C59ED09E}.CD_ROM|Mixed Platforms.Build.0 = Debug|Any CPU
		{FE47EE07-A4F0-45D7-A20F-3CC4C59ED09E}.CD_ROM|x86.ActiveCfg = Debug|Any CPU
		{FE47EE07-A4F0-45D7-A20F-3CC4C59ED09E}.CD_ROM|x86.Build.0 = Debug|Any CPU
		{FE47EE07-A4F0-45D7-A20F-3CC4C59ED09E}.Debug|Any CPU.ActiveCfg = Debug|Any CPU
		{FE47EE07-A4F0-45D7-A20F-3CC4C59ED09E}.Debug|Any CPU.Build.0 = Debug|Any CPU
		{FE47EE07-A4F0-45D7-A20F-3CC4C59ED09E}.Debug|Mixed Platforms.ActiveCfg = Debug|Any CPU
		{FE47EE07-A4F0-45D7-A20F-3CC4C59ED09E}.Debug|Mixed Platforms.Build.0 = Debug|Any CPU
		{FE47EE07-A4F0-45D7-A20F-3CC4C59ED09E}.Debug|x86.ActiveCfg = Debug|Any CPU
		{FE47EE07-A4F0-45D7-A20F-3CC4C59ED09E}.Debug|x86.Build.0 = Debug|Any CPU
		{FE47EE07-A4F0-45D7-A20F-3CC4C59ED09E}.DVD-5|Any CPU.ActiveCfg = Debug|Any CPU
		{FE47EE07-A4F0-45D7-A20F-3CC4C59ED09E}.DVD-5|Any CPU.Build.0 = Debug|Any CPU
		{FE47EE07-A4F0-45D7-A20F-3CC4C59ED09E}.DVD-5|Mixed Platforms.ActiveCfg = Debug|Any CPU
		{FE47EE07-A4F0-45D7-A20F-3CC4C59ED09E}.DVD-5|Mixed Platforms.Build.0 = Debug|Any CPU
		{FE47EE07-A4F0-45D7-A20F-3CC4C59ED09E}.DVD-5|x86.ActiveCfg = Debug|Any CPU
		{FE47EE07-A4F0-45D7-A20F-3CC4C59ED09E}.DVD-5|x86.Build.0 = Debug|Any CPU
		{FE47EE07-A4F0-45D7-A20F-3CC4C59ED09E}.Release|Any CPU.ActiveCfg = Release|Any CPU
		{FE47EE07-A4F0-45D7-A20F-3CC4C59ED09E}.Release|Any CPU.Build.0 = Release|Any CPU
		{FE47EE07-A4F0-45D7-A20F-3CC4C59ED09E}.Release|Mixed Platforms.ActiveCfg = Release|Any CPU
		{FE47EE07-A4F0-45D7-A20F-3CC4C59ED09E}.Release|Mixed Platforms.Build.0 = Release|Any CPU
		{FE47EE07-A4F0-45D7-A20F-3CC4C59ED09E}.Release|x86.ActiveCfg = Release|Any CPU
		{FE47EE07-A4F0-45D7-A20F-3CC4C59ED09E}.Release|x86.Build.0 = Release|Any CPU
		{FE47EE07-A4F0-45D7-A20F-3CC4C59ED09E}.SingleImage|Any CPU.ActiveCfg = Debug|Any CPU
		{FE47EE07-A4F0-45D7-A20F-3CC4C59ED09E}.SingleImage|Any CPU.Build.0 = Debug|Any CPU
		{FE47EE07-A4F0-45D7-A20F-3CC4C59ED09E}.SingleImage|Mixed Platforms.ActiveCfg = Debug|Any CPU
		{FE47EE07-A4F0-45D7-A20F-3CC4C59ED09E}.SingleImage|Mixed Platforms.Build.0 = Debug|Any CPU
		{FE47EE07-A4F0-45D7-A20F-3CC4C59ED09E}.SingleImage|x86.ActiveCfg = Debug|Any CPU
		{FE47EE07-A4F0-45D7-A20F-3CC4C59ED09E}.SingleImage|x86.Build.0 = Debug|Any CPU
		{FE47EE07-A4F0-45D7-A20F-3CC4C59ED09E}.Tmp|Any CPU.ActiveCfg = Debug|Any CPU
		{FE47EE07-A4F0-45D7-A20F-3CC4C59ED09E}.Tmp|Any CPU.Build.0 = Debug|Any CPU
		{FE47EE07-A4F0-45D7-A20F-3CC4C59ED09E}.Tmp|Mixed Platforms.ActiveCfg = Debug|Any CPU
		{FE47EE07-A4F0-45D7-A20F-3CC4C59ED09E}.Tmp|Mixed Platforms.Build.0 = Debug|Any CPU
		{FE47EE07-A4F0-45D7-A20F-3CC4C59ED09E}.Tmp|x86.ActiveCfg = Debug|Any CPU
		{FE47EE07-A4F0-45D7-A20F-3CC4C59ED09E}.Tmp|x86.Build.0 = Debug|Any CPU
		{699DAAD6-AF4B-4BEC-9A8D-476DA30DA3D4}.CD_ROM|Any CPU.ActiveCfg = Debug|Any CPU
		{699DAAD6-AF4B-4BEC-9A8D-476DA30DA3D4}.CD_ROM|Any CPU.Build.0 = Debug|Any CPU
		{699DAAD6-AF4B-4BEC-9A8D-476DA30DA3D4}.CD_ROM|Mixed Platforms.ActiveCfg = Debug|Any CPU
		{699DAAD6-AF4B-4BEC-9A8D-476DA30DA3D4}.CD_ROM|Mixed Platforms.Build.0 = Debug|Any CPU
		{699DAAD6-AF4B-4BEC-9A8D-476DA30DA3D4}.CD_ROM|x86.ActiveCfg = Debug|Any CPU
		{699DAAD6-AF4B-4BEC-9A8D-476DA30DA3D4}.CD_ROM|x86.Build.0 = Debug|Any CPU
		{699DAAD6-AF4B-4BEC-9A8D-476DA30DA3D4}.Debug|Any CPU.ActiveCfg = Debug|Any CPU
		{699DAAD6-AF4B-4BEC-9A8D-476DA30DA3D4}.Debug|Any CPU.Build.0 = Debug|Any CPU
		{699DAAD6-AF4B-4BEC-9A8D-476DA30DA3D4}.Debug|Mixed Platforms.ActiveCfg = Debug|Any CPU
		{699DAAD6-AF4B-4BEC-9A8D-476DA30DA3D4}.Debug|Mixed Platforms.Build.0 = Debug|Any CPU
		{699DAAD6-AF4B-4BEC-9A8D-476DA30DA3D4}.Debug|x86.ActiveCfg = Debug|Any CPU
		{699DAAD6-AF4B-4BEC-9A8D-476DA30DA3D4}.Debug|x86.Build.0 = Debug|Any CPU
		{699DAAD6-AF4B-4BEC-9A8D-476DA30DA3D4}.DVD-5|Any CPU.ActiveCfg = Debug|Any CPU
		{699DAAD6-AF4B-4BEC-9A8D-476DA30DA3D4}.DVD-5|Any CPU.Build.0 = Debug|Any CPU
		{699DAAD6-AF4B-4BEC-9A8D-476DA30DA3D4}.DVD-5|Mixed Platforms.ActiveCfg = Debug|Any CPU
		{699DAAD6-AF4B-4BEC-9A8D-476DA30DA3D4}.DVD-5|Mixed Platforms.Build.0 = Debug|Any CPU
		{699DAAD6-AF4B-4BEC-9A8D-476DA30DA3D4}.DVD-5|x86.ActiveCfg = Debug|Any CPU
		{699DAAD6-AF4B-4BEC-9A8D-476DA30DA3D4}.DVD-5|x86.Build.0 = Debug|Any CPU
		{699DAAD6-AF4B-4BEC-9A8D-476DA30DA3D4}.Release|Any CPU.ActiveCfg = Release|Any CPU
		{699DAAD6-AF4B-4BEC-9A8D-476DA30DA3D4}.Release|Any CPU.Build.0 = Release|Any CPU
		{699DAAD6-AF4B-4BEC-9A8D-476DA30DA3D4}.Release|Mixed Platforms.ActiveCfg = Release|Any CPU
		{699DAAD6-AF4B-4BEC-9A8D-476DA30DA3D4}.Release|Mixed Platforms.Build.0 = Release|Any CPU
		{699DAAD6-AF4B-4BEC-9A8D-476DA30DA3D4}.Release|x86.ActiveCfg = Release|Any CPU
		{699DAAD6-AF4B-4BEC-9A8D-476DA30DA3D4}.Release|x86.Build.0 = Release|Any CPU
		{699DAAD6-AF4B-4BEC-9A8D-476DA30DA3D4}.SingleImage|Any CPU.ActiveCfg = Debug|Any CPU
		{699DAAD6-AF4B-4BEC-9A8D-476DA30DA3D4}.SingleImage|Any CPU.Build.0 = Debug|Any CPU
		{699DAAD6-AF4B-4BEC-9A8D-476DA30DA3D4}.SingleImage|Mixed Platforms.ActiveCfg = Debug|Any CPU
		{699DAAD6-AF4B-4BEC-9A8D-476DA30DA3D4}.SingleImage|Mixed Platforms.Build.0 = Debug|Any CPU
		{699DAAD6-AF4B-4BEC-9A8D-476DA30DA3D4}.SingleImage|x86.ActiveCfg = Debug|Any CPU
		{699DAAD6-AF4B-4BEC-9A8D-476DA30DA3D4}.SingleImage|x86.Build.0 = Debug|Any CPU
		{699DAAD6-AF4B-4BEC-9A8D-476DA30DA3D4}.Tmp|Any CPU.ActiveCfg = Debug|Any CPU
		{699DAAD6-AF4B-4BEC-9A8D-476DA30DA3D4}.Tmp|Any CPU.Build.0 = Debug|Any CPU
		{699DAAD6-AF4B-4BEC-9A8D-476DA30DA3D4}.Tmp|Mixed Platforms.ActiveCfg = Debug|Any CPU
		{699DAAD6-AF4B-4BEC-9A8D-476DA30DA3D4}.Tmp|Mixed Platforms.Build.0 = Debug|Any CPU
		{699DAAD6-AF4B-4BEC-9A8D-476DA30DA3D4}.Tmp|x86.ActiveCfg = Debug|Any CPU
		{699DAAD6-AF4B-4BEC-9A8D-476DA30DA3D4}.Tmp|x86.Build.0 = Debug|Any CPU
		{2220A470-171E-4067-9088-8274BC6817E8}.CD_ROM|Any CPU.ActiveCfg = Debug|Any CPU
		{2220A470-171E-4067-9088-8274BC6817E8}.CD_ROM|Any CPU.Build.0 = Debug|Any CPU
		{2220A470-171E-4067-9088-8274BC6817E8}.CD_ROM|Mixed Platforms.ActiveCfg = Debug|Any CPU
		{2220A470-171E-4067-9088-8274BC6817E8}.CD_ROM|Mixed Platforms.Build.0 = Debug|Any CPU
		{2220A470-171E-4067-9088-8274BC6817E8}.CD_ROM|x86.ActiveCfg = Debug|Any CPU
		{2220A470-171E-4067-9088-8274BC6817E8}.CD_ROM|x86.Build.0 = Debug|Any CPU
		{2220A470-171E-4067-9088-8274BC6817E8}.Debug|Any CPU.ActiveCfg = Debug|Any CPU
		{2220A470-171E-4067-9088-8274BC6817E8}.Debug|Any CPU.Build.0 = Debug|Any CPU
		{2220A470-171E-4067-9088-8274BC6817E8}.Debug|Mixed Platforms.ActiveCfg = Debug|Any CPU
		{2220A470-171E-4067-9088-8274BC6817E8}.Debug|Mixed Platforms.Build.0 = Debug|Any CPU
		{2220A470-171E-4067-9088-8274BC6817E8}.Debug|x86.ActiveCfg = Debug|Any CPU
		{2220A470-171E-4067-9088-8274BC6817E8}.Debug|x86.Build.0 = Debug|Any CPU
		{2220A470-171E-4067-9088-8274BC6817E8}.DVD-5|Any CPU.ActiveCfg = Debug|Any CPU
		{2220A470-171E-4067-9088-8274BC6817E8}.DVD-5|Any CPU.Build.0 = Debug|Any CPU
		{2220A470-171E-4067-9088-8274BC6817E8}.DVD-5|Mixed Platforms.ActiveCfg = Debug|Any CPU
		{2220A470-171E-4067-9088-8274BC6817E8}.DVD-5|Mixed Platforms.Build.0 = Debug|Any CPU
		{2220A470-171E-4067-9088-8274BC6817E8}.DVD-5|x86.ActiveCfg = Debug|Any CPU
		{2220A470-171E-4067-9088-8274BC6817E8}.DVD-5|x86.Build.0 = Debug|Any CPU
		{2220A470-171E-4067-9088-8274BC6817E8}.Release|Any CPU.ActiveCfg = Release|Any CPU
		{2220A470-171E-4067-9088-8274BC6817E8}.Release|Any CPU.Build.0 = Release|Any CPU
		{2220A470-171E-4067-9088-8274BC6817E8}.Release|Mixed Platforms.ActiveCfg = Release|Any CPU
		{2220A470-171E-4067-9088-8274BC6817E8}.Release|Mixed Platforms.Build.0 = Release|Any CPU
		{2220A470-171E-4067-9088-8274BC6817E8}.Release|x86.ActiveCfg = Release|Any CPU
		{2220A470-171E-4067-9088-8274BC6817E8}.Release|x86.Build.0 = Release|Any CPU
		{2220A470-171E-4067-9088-8274BC6817E8}.SingleImage|Any CPU.ActiveCfg = Debug|Any CPU
		{2220A470-171E-4067-9088-8274BC6817E8}.SingleImage|Any CPU.Build.0 = Debug|Any CPU
		{2220A470-171E-4067-9088-8274BC6817E8}.SingleImage|Mixed Platforms.ActiveCfg = Debug|Any CPU
		{2220A470-171E-4067-9088-8274BC6817E8}.SingleImage|Mixed Platforms.Build.0 = Debug|Any CPU
		{2220A470-171E-4067-9088-8274BC6817E8}.SingleImage|x86.ActiveCfg = Debug|Any CPU
		{2220A470-171E-4067-9088-8274BC6817E8}.SingleImage|x86.Build.0 = Debug|Any CPU
		{2220A470-171E-4067-9088-8274BC6817E8}.Tmp|Any CPU.ActiveCfg = Debug|Any CPU
		{2220A470-171E-4067-9088-8274BC6817E8}.Tmp|Any CPU.Build.0 = Debug|Any CPU
		{2220A470-171E-4067-9088-8274BC6817E8}.Tmp|Mixed Platforms.ActiveCfg = Debug|Any CPU
		{2220A470-171E-4067-9088-8274BC6817E8}.Tmp|Mixed Platforms.Build.0 = Debug|Any CPU
		{2220A470-171E-4067-9088-8274BC6817E8}.Tmp|x86.ActiveCfg = Debug|Any CPU
		{2220A470-171E-4067-9088-8274BC6817E8}.Tmp|x86.Build.0 = Debug|Any CPU
		{E011131B-9B1C-4A8D-B049-802447D96EE6}.CD_ROM|Any CPU.ActiveCfg = Debug|Any CPU
		{E011131B-9B1C-4A8D-B049-802447D96EE6}.CD_ROM|Any CPU.Build.0 = Debug|Any CPU
		{E011131B-9B1C-4A8D-B049-802447D96EE6}.CD_ROM|Mixed Platforms.ActiveCfg = Debug|Any CPU
		{E011131B-9B1C-4A8D-B049-802447D96EE6}.CD_ROM|Mixed Platforms.Build.0 = Debug|Any CPU
		{E011131B-9B1C-4A8D-B049-802447D96EE6}.CD_ROM|x86.ActiveCfg = Debug|Any CPU
		{E011131B-9B1C-4A8D-B049-802447D96EE6}.CD_ROM|x86.Build.0 = Debug|Any CPU
		{E011131B-9B1C-4A8D-B049-802447D96EE6}.Debug|Any CPU.ActiveCfg = Debug|Any CPU
		{E011131B-9B1C-4A8D-B049-802447D96EE6}.Debug|Any CPU.Build.0 = Debug|Any CPU
		{E011131B-9B1C-4A8D-B049-802447D96EE6}.Debug|Mixed Platforms.ActiveCfg = Debug|Any CPU
		{E011131B-9B1C-4A8D-B049-802447D96EE6}.Debug|Mixed Platforms.Build.0 = Debug|Any CPU
		{E011131B-9B1C-4A8D-B049-802447D96EE6}.Debug|x86.ActiveCfg = Debug|Any CPU
		{E011131B-9B1C-4A8D-B049-802447D96EE6}.Debug|x86.Build.0 = Debug|Any CPU
		{E011131B-9B1C-4A8D-B049-802447D96EE6}.DVD-5|Any CPU.ActiveCfg = Debug|Any CPU
		{E011131B-9B1C-4A8D-B049-802447D96EE6}.DVD-5|Any CPU.Build.0 = Debug|Any CPU
		{E011131B-9B1C-4A8D-B049-802447D96EE6}.DVD-5|Mixed Platforms.ActiveCfg = Debug|Any CPU
		{E011131B-9B1C-4A8D-B049-802447D96EE6}.DVD-5|Mixed Platforms.Build.0 = Debug|Any CPU
		{E011131B-9B1C-4A8D-B049-802447D96EE6}.DVD-5|x86.ActiveCfg = Debug|Any CPU
		{E011131B-9B1C-4A8D-B049-802447D96EE6}.DVD-5|x86.Build.0 = Debug|Any CPU
		{E011131B-9B1C-4A8D-B049-802447D96EE6}.Release|Any CPU.ActiveCfg = Release|Any CPU
		{E011131B-9B1C-4A8D-B049-802447D96EE6}.Release|Any CPU.Build.0 = Release|Any CPU
		{E011131B-9B1C-4A8D-B049-802447D96EE6}.Release|Mixed Platforms.ActiveCfg = Release|Any CPU
		{E011131B-9B1C-4A8D-B049-802447D96EE6}.Release|Mixed Platforms.Build.0 = Release|Any CPU
		{E011131B-9B1C-4A8D-B049-802447D96EE6}.Release|x86.ActiveCfg = Release|Any CPU
		{E011131B-9B1C-4A8D-B049-802447D96EE6}.Release|x86.Build.0 = Release|Any CPU
		{E011131B-9B1C-4A8D-B049-802447D96EE6}.SingleImage|Any CPU.ActiveCfg = Debug|Any CPU
		{E011131B-9B1C-4A8D-B049-802447D96EE6}.SingleImage|Any CPU.Build.0 = Debug|Any CPU
		{E011131B-9B1C-4A8D-B049-802447D96EE6}.SingleImage|Mixed Platforms.ActiveCfg = Debug|Any CPU
		{E011131B-9B1C-4A8D-B049-802447D96EE6}.SingleImage|Mixed Platforms.Build.0 = Debug|Any CPU
		{E011131B-9B1C-4A8D-B049-802447D96EE6}.SingleImage|x86.ActiveCfg = Debug|Any CPU
		{E011131B-9B1C-4A8D-B049-802447D96EE6}.SingleImage|x86.Build.0 = Debug|Any CPU
		{E011131B-9B1C-4A8D-B049-802447D96EE6}.Tmp|Any CPU.ActiveCfg = Debug|Any CPU
		{E011131B-9B1C-4A8D-B049-802447D96EE6}.Tmp|Any CPU.Build.0 = Debug|Any CPU
		{E011131B-9B1C-4A8D-B049-802447D96EE6}.Tmp|Mixed Platforms.ActiveCfg = Debug|Any CPU
		{E011131B-9B1C-4A8D-B049-802447D96EE6}.Tmp|Mixed Platforms.Build.0 = Debug|Any CPU
		{E011131B-9B1C-4A8D-B049-802447D96EE6}.Tmp|x86.ActiveCfg = Debug|Any CPU
		{E011131B-9B1C-4A8D-B049-802447D96EE6}.Tmp|x86.Build.0 = Debug|Any CPU
		{C034CB28-EB30-44A6-9F83-EA1A43F48740}.CD_ROM|Any CPU.ActiveCfg = Debug|Any CPU
		{C034CB28-EB30-44A6-9F83-EA1A43F48740}.CD_ROM|Any CPU.Build.0 = Debug|Any CPU
		{C034CB28-EB30-44A6-9F83-EA1A43F48740}.CD_ROM|Mixed Platforms.ActiveCfg = Debug|Any CPU
		{C034CB28-EB30-44A6-9F83-EA1A43F48740}.CD_ROM|Mixed Platforms.Build.0 = Debug|Any CPU
		{C034CB28-EB30-44A6-9F83-EA1A43F48740}.CD_ROM|x86.ActiveCfg = Debug|Any CPU
		{C034CB28-EB30-44A6-9F83-EA1A43F48740}.CD_ROM|x86.Build.0 = Debug|Any CPU
		{C034CB28-EB30-44A6-9F83-EA1A43F48740}.Debug|Any CPU.ActiveCfg = Debug|Any CPU
		{C034CB28-EB30-44A6-9F83-EA1A43F48740}.Debug|Any CPU.Build.0 = Debug|Any CPU
		{C034CB28-EB30-44A6-9F83-EA1A43F48740}.Debug|Mixed Platforms.ActiveCfg = Debug|Any CPU
		{C034CB28-EB30-44A6-9F83-EA1A43F48740}.Debug|Mixed Platforms.Build.0 = Debug|Any CPU
		{C034CB28-EB30-44A6-9F83-EA1A43F48740}.Debug|x86.ActiveCfg = Debug|Any CPU
		{C034CB28-EB30-44A6-9F83-EA1A43F48740}.Debug|x86.Build.0 = Debug|Any CPU
		{C034CB28-EB30-44A6-9F83-EA1A43F48740}.DVD-5|Any CPU.ActiveCfg = Debug|Any CPU
		{C034CB28-EB30-44A6-9F83-EA1A43F48740}.DVD-5|Any CPU.Build.0 = Debug|Any CPU
		{C034CB28-EB30-44A6-9F83-EA1A43F48740}.DVD-5|Mixed Platforms.ActiveCfg = Debug|Any CPU
		{C034CB28-EB30-44A6-9F83-EA1A43F48740}.DVD-5|Mixed Platforms.Build.0 = Debug|Any CPU
		{C034CB28-EB30-44A6-9F83-EA1A43F48740}.DVD-5|x86.ActiveCfg = Debug|Any CPU
		{C034CB28-EB30-44A6-9F83-EA1A43F48740}.DVD-5|x86.Build.0 = Debug|Any CPU
		{C034CB28-EB30-44A6-9F83-EA1A43F48740}.Release|Any CPU.ActiveCfg = Release|Any CPU
		{C034CB28-EB30-44A6-9F83-EA1A43F48740}.Release|Any CPU.Build.0 = Release|Any CPU
		{C034CB28-EB30-44A6-9F83-EA1A43F48740}.Release|Mixed Platforms.ActiveCfg = Release|Any CPU
		{C034CB28-EB30-44A6-9F83-EA1A43F48740}.Release|Mixed Platforms.Build.0 = Release|Any CPU
		{C034CB28-EB30-44A6-9F83-EA1A43F48740}.Release|x86.ActiveCfg = Release|Any CPU
		{C034CB28-EB30-44A6-9F83-EA1A43F48740}.Release|x86.Build.0 = Release|Any CPU
		{C034CB28-EB30-44A6-9F83-EA1A43F48740}.SingleImage|Any CPU.ActiveCfg = Debug|Any CPU
		{C034CB28-EB30-44A6-9F83-EA1A43F48740}.SingleImage|Any CPU.Build.0 = Debug|Any CPU
		{C034CB28-EB30-44A6-9F83-EA1A43F48740}.SingleImage|Mixed Platforms.ActiveCfg = Debug|Any CPU
		{C034CB28-EB30-44A6-9F83-EA1A43F48740}.SingleImage|Mixed Platforms.Build.0 = Debug|Any CPU
		{C034CB28-EB30-44A6-9F83-EA1A43F48740}.SingleImage|x86.ActiveCfg = Debug|Any CPU
		{C034CB28-EB30-44A6-9F83-EA1A43F48740}.SingleImage|x86.Build.0 = Debug|Any CPU
		{C034CB28-EB30-44A6-9F83-EA1A43F48740}.Tmp|Any CPU.ActiveCfg = Debug|Any CPU
		{C034CB28-EB30-44A6-9F83-EA1A43F48740}.Tmp|Any CPU.Build.0 = Debug|Any CPU
		{C034CB28-EB30-44A6-9F83-EA1A43F48740}.Tmp|Mixed Platforms.ActiveCfg = Debug|Any CPU
		{C034CB28-EB30-44A6-9F83-EA1A43F48740}.Tmp|Mixed Platforms.Build.0 = Debug|Any CPU
		{C034CB28-EB30-44A6-9F83-EA1A43F48740}.Tmp|x86.ActiveCfg = Debug|Any CPU
		{C034CB28-EB30-44A6-9F83-EA1A43F48740}.Tmp|x86.Build.0 = Debug|Any CPU
		{FD251B60-AFF5-4C98-BA3E-A56DDC4213FD}.CD_ROM|Any CPU.ActiveCfg = Debug|Any CPU
		{FD251B60-AFF5-4C98-BA3E-A56DDC4213FD}.CD_ROM|Any CPU.Build.0 = Debug|Any CPU
		{FD251B60-AFF5-4C98-BA3E-A56DDC4213FD}.CD_ROM|Mixed Platforms.ActiveCfg = Debug|Any CPU
		{FD251B60-AFF5-4C98-BA3E-A56DDC4213FD}.CD_ROM|Mixed Platforms.Build.0 = Debug|Any CPU
		{FD251B60-AFF5-4C98-BA3E-A56DDC4213FD}.CD_ROM|x86.ActiveCfg = Debug|Any CPU
		{FD251B60-AFF5-4C98-BA3E-A56DDC4213FD}.CD_ROM|x86.Build.0 = Debug|Any CPU
		{FD251B60-AFF5-4C98-BA3E-A56DDC4213FD}.Debug|Any CPU.ActiveCfg = Debug|Any CPU
		{FD251B60-AFF5-4C98-BA3E-A56DDC4213FD}.Debug|Any CPU.Build.0 = Debug|Any CPU
		{FD251B60-AFF5-4C98-BA3E-A56DDC4213FD}.Debug|Mixed Platforms.ActiveCfg = Debug|Any CPU
		{FD251B60-AFF5-4C98-BA3E-A56DDC4213FD}.Debug|Mixed Platforms.Build.0 = Debug|Any CPU
		{FD251B60-AFF5-4C98-BA3E-A56DDC4213FD}.Debug|x86.ActiveCfg = Debug|Any CPU
		{FD251B60-AFF5-4C98-BA3E-A56DDC4213FD}.Debug|x86.Build.0 = Debug|Any CPU
		{FD251B60-AFF5-4C98-BA3E-A56DDC4213FD}.DVD-5|Any CPU.ActiveCfg = Debug|Any CPU
		{FD251B60-AFF5-4C98-BA3E-A56DDC4213FD}.DVD-5|Any CPU.Build.0 = Debug|Any CPU
		{FD251B60-AFF5-4C98-BA3E-A56DDC4213FD}.DVD-5|Mixed Platforms.ActiveCfg = Debug|Any CPU
		{FD251B60-AFF5-4C98-BA3E-A56DDC4213FD}.DVD-5|Mixed Platforms.Build.0 = Debug|Any CPU
		{FD251B60-AFF5-4C98-BA3E-A56DDC4213FD}.DVD-5|x86.ActiveCfg = Debug|Any CPU
		{FD251B60-AFF5-4C98-BA3E-A56DDC4213FD}.DVD-5|x86.Build.0 = Debug|Any CPU
		{FD251B60-AFF5-4C98-BA3E-A56DDC4213FD}.Release|Any CPU.ActiveCfg = Release|Any CPU
		{FD251B60-AFF5-4C98-BA3E-A56DDC4213FD}.Release|Any CPU.Build.0 = Release|Any CPU
		{FD251B60-AFF5-4C98-BA3E-A56DDC4213FD}.Release|Mixed Platforms.ActiveCfg = Release|Any CPU
		{FD251B60-AFF5-4C98-BA3E-A56DDC4213FD}.Release|Mixed Platforms.Build.0 = Release|Any CPU
		{FD251B60-AFF5-4C98-BA3E-A56DDC4213FD}.Release|x86.ActiveCfg = Release|Any CPU
		{FD251B60-AFF5-4C98-BA3E-A56DDC4213FD}.Release|x86.Build.0 = Release|Any CPU
		{FD251B60-AFF5-4C98-BA3E-A56DDC4213FD}.SingleImage|Any CPU.ActiveCfg = Debug|Any CPU
		{FD251B60-AFF5-4C98-BA3E-A56DDC4213FD}.SingleImage|Any CPU.Build.0 = Debug|Any CPU
		{FD251B60-AFF5-4C98-BA3E-A56DDC4213FD}.SingleImage|Mixed Platforms.ActiveCfg = Debug|Any CPU
		{FD251B60-AFF5-4C98-BA3E-A56DDC4213FD}.SingleImage|Mixed Platforms.Build.0 = Debug|Any CPU
		{FD251B60-AFF5-4C98-BA3E-A56DDC4213FD}.SingleImage|x86.ActiveCfg = Debug|Any CPU
		{FD251B60-AFF5-4C98-BA3E-A56DDC4213FD}.SingleImage|x86.Build.0 = Debug|Any CPU
		{FD251B60-AFF5-4C98-BA3E-A56DDC4213FD}.Tmp|Any CPU.ActiveCfg = Debug|Any CPU
		{FD251B60-AFF5-4C98-BA3E-A56DDC4213FD}.Tmp|Any CPU.Build.0 = Debug|Any CPU
		{FD251B60-AFF5-4C98-BA3E-A56DDC4213FD}.Tmp|Mixed Platforms.ActiveCfg = Debug|Any CPU
		{FD251B60-AFF5-4C98-BA3E-A56DDC4213FD}.Tmp|Mixed Platforms.Build.0 = Debug|Any CPU
		{FD251B60-AFF5-4C98-BA3E-A56DDC4213FD}.Tmp|x86.ActiveCfg = Debug|Any CPU
		{FD251B60-AFF5-4C98-BA3E-A56DDC4213FD}.Tmp|x86.Build.0 = Debug|Any CPU
		{CC074381-B11D-4310-A033-139F863D58D9}.CD_ROM|Any CPU.ActiveCfg = Debug|Any CPU
		{CC074381-B11D-4310-A033-139F863D58D9}.CD_ROM|Any CPU.Build.0 = Debug|Any CPU
		{CC074381-B11D-4310-A033-139F863D58D9}.CD_ROM|Mixed Platforms.ActiveCfg = Debug|Any CPU
		{CC074381-B11D-4310-A033-139F863D58D9}.CD_ROM|Mixed Platforms.Build.0 = Debug|Any CPU
		{CC074381-B11D-4310-A033-139F863D58D9}.CD_ROM|x86.ActiveCfg = Debug|Any CPU
		{CC074381-B11D-4310-A033-139F863D58D9}.CD_ROM|x86.Build.0 = Debug|Any CPU
		{CC074381-B11D-4310-A033-139F863D58D9}.Debug|Any CPU.ActiveCfg = Debug|Any CPU
		{CC074381-B11D-4310-A033-139F863D58D9}.Debug|Any CPU.Build.0 = Debug|Any CPU
		{CC074381-B11D-4310-A033-139F863D58D9}.Debug|Mixed Platforms.ActiveCfg = Debug|Any CPU
		{CC074381-B11D-4310-A033-139F863D58D9}.Debug|Mixed Platforms.Build.0 = Debug|Any CPU
		{CC074381-B11D-4310-A033-139F863D58D9}.Debug|x86.ActiveCfg = Debug|Any CPU
		{CC074381-B11D-4310-A033-139F863D58D9}.Debug|x86.Build.0 = Debug|Any CPU
		{CC074381-B11D-4310-A033-139F863D58D9}.DVD-5|Any CPU.ActiveCfg = Debug|Any CPU
		{CC074381-B11D-4310-A033-139F863D58D9}.DVD-5|Any CPU.Build.0 = Debug|Any CPU
		{CC074381-B11D-4310-A033-139F863D58D9}.DVD-5|Mixed Platforms.ActiveCfg = Debug|Any CPU
		{CC074381-B11D-4310-A033-139F863D58D9}.DVD-5|Mixed Platforms.Build.0 = Debug|Any CPU
		{CC074381-B11D-4310-A033-139F863D58D9}.DVD-5|x86.ActiveCfg = Debug|Any CPU
		{CC074381-B11D-4310-A033-139F863D58D9}.DVD-5|x86.Build.0 = Debug|Any CPU
		{CC074381-B11D-4310-A033-139F863D58D9}.Release|Any CPU.ActiveCfg = Release|Any CPU
		{CC074381-B11D-4310-A033-139F863D58D9}.Release|Any CPU.Build.0 = Release|Any CPU
		{CC074381-B11D-4310-A033-139F863D58D9}.Release|Mixed Platforms.ActiveCfg = Release|Any CPU
		{CC074381-B11D-4310-A033-139F863D58D9}.Release|Mixed Platforms.Build.0 = Release|Any CPU
		{CC074381-B11D-4310-A033-139F863D58D9}.Release|x86.ActiveCfg = Release|Any CPU
		{CC074381-B11D-4310-A033-139F863D58D9}.Release|x86.Build.0 = Release|Any CPU
		{CC074381-B11D-4310-A033-139F863D58D9}.SingleImage|Any CPU.ActiveCfg = Debug|Any CPU
		{CC074381-B11D-4310-A033-139F863D58D9}.SingleImage|Any CPU.Build.0 = Debug|Any CPU
		{CC074381-B11D-4310-A033-139F863D58D9}.SingleImage|Mixed Platforms.ActiveCfg = Debug|Any CPU
		{CC074381-B11D-4310-A033-139F863D58D9}.SingleImage|Mixed Platforms.Build.0 = Debug|Any CPU
		{CC074381-B11D-4310-A033-139F863D58D9}.SingleImage|x86.ActiveCfg = Debug|Any CPU
		{CC074381-B11D-4310-A033-139F863D58D9}.SingleImage|x86.Build.0 = Debug|Any CPU
		{CC074381-B11D-4310-A033-139F863D58D9}.Tmp|Any CPU.ActiveCfg = Debug|Any CPU
		{CC074381-B11D-4310-A033-139F863D58D9}.Tmp|Any CPU.Build.0 = Debug|Any CPU
		{CC074381-B11D-4310-A033-139F863D58D9}.Tmp|Mixed Platforms.ActiveCfg = Debug|Any CPU
		{CC074381-B11D-4310-A033-139F863D58D9}.Tmp|Mixed Platforms.Build.0 = Debug|Any CPU
		{CC074381-B11D-4310-A033-139F863D58D9}.Tmp|x86.ActiveCfg = Debug|Any CPU
		{CC074381-B11D-4310-A033-139F863D58D9}.Tmp|x86.Build.0 = Debug|Any CPU
		{0FD8CF7A-CB45-48A2-9175-53D869694935}.CD_ROM|Any CPU.ActiveCfg = Debug|Any CPU
		{0FD8CF7A-CB45-48A2-9175-53D869694935}.CD_ROM|Any CPU.Build.0 = Debug|Any CPU
		{0FD8CF7A-CB45-48A2-9175-53D869694935}.CD_ROM|Mixed Platforms.ActiveCfg = Debug|Any CPU
		{0FD8CF7A-CB45-48A2-9175-53D869694935}.CD_ROM|Mixed Platforms.Build.0 = Debug|Any CPU
		{0FD8CF7A-CB45-48A2-9175-53D869694935}.CD_ROM|x86.ActiveCfg = Debug|Any CPU
		{0FD8CF7A-CB45-48A2-9175-53D869694935}.CD_ROM|x86.Build.0 = Debug|Any CPU
		{0FD8CF7A-CB45-48A2-9175-53D869694935}.Debug|Any CPU.ActiveCfg = Debug|Any CPU
		{0FD8CF7A-CB45-48A2-9175-53D869694935}.Debug|Any CPU.Build.0 = Debug|Any CPU
		{0FD8CF7A-CB45-48A2-9175-53D869694935}.Debug|Mixed Platforms.ActiveCfg = Debug|Any CPU
		{0FD8CF7A-CB45-48A2-9175-53D869694935}.Debug|Mixed Platforms.Build.0 = Debug|Any CPU
		{0FD8CF7A-CB45-48A2-9175-53D869694935}.Debug|x86.ActiveCfg = Debug|Any CPU
		{0FD8CF7A-CB45-48A2-9175-53D869694935}.Debug|x86.Build.0 = Debug|Any CPU
		{0FD8CF7A-CB45-48A2-9175-53D869694935}.DVD-5|Any CPU.ActiveCfg = Debug|Any CPU
		{0FD8CF7A-CB45-48A2-9175-53D869694935}.DVD-5|Any CPU.Build.0 = Debug|Any CPU
		{0FD8CF7A-CB45-48A2-9175-53D869694935}.DVD-5|Mixed Platforms.ActiveCfg = Debug|Any CPU
		{0FD8CF7A-CB45-48A2-9175-53D869694935}.DVD-5|Mixed Platforms.Build.0 = Debug|Any CPU
		{0FD8CF7A-CB45-48A2-9175-53D869694935}.DVD-5|x86.ActiveCfg = Debug|Any CPU
		{0FD8CF7A-CB45-48A2-9175-53D869694935}.DVD-5|x86.Build.0 = Debug|Any CPU
		{0FD8CF7A-CB45-48A2-9175-53D869694935}.Release|Any CPU.ActiveCfg = Release|Any CPU
		{0FD8CF7A-CB45-48A2-9175-53D869694935}.Release|Any CPU.Build.0 = Release|Any CPU
		{0FD8CF7A-CB45-48A2-9175-53D869694935}.Release|Mixed Platforms.ActiveCfg = Release|Any CPU
		{0FD8CF7A-CB45-48A2-9175-53D869694935}.Release|Mixed Platforms.Build.0 = Release|Any CPU
		{0FD8CF7A-CB45-48A2-9175-53D869694935}.Release|x86.ActiveCfg = Release|Any CPU
		{0FD8CF7A-CB45-48A2-9175-53D869694935}.Release|x86.Build.0 = Release|Any CPU
		{0FD8CF7A-CB45-48A2-9175-53D869694935}.SingleImage|Any CPU.ActiveCfg = Debug|Any CPU
		{0FD8CF7A-CB45-48A2-9175-53D869694935}.SingleImage|Any CPU.Build.0 = Debug|Any CPU
		{0FD8CF7A-CB45-48A2-9175-53D869694935}.SingleImage|Mixed Platforms.ActiveCfg = Debug|Any CPU
		{0FD8CF7A-CB45-48A2-9175-53D869694935}.SingleImage|Mixed Platforms.Build.0 = Debug|Any CPU
		{0FD8CF7A-CB45-48A2-9175-53D869694935}.SingleImage|x86.ActiveCfg = Debug|Any CPU
		{0FD8CF7A-CB45-48A2-9175-53D869694935}.SingleImage|x86.Build.0 = Debug|Any CPU
		{0FD8CF7A-CB45-48A2-9175-53D869694935}.Tmp|Any CPU.ActiveCfg = Debug|Any CPU
		{0FD8CF7A-CB45-48A2-9175-53D869694935}.Tmp|Any CPU.Build.0 = Debug|Any CPU
		{0FD8CF7A-CB45-48A2-9175-53D869694935}.Tmp|Mixed Platforms.ActiveCfg = Debug|Any CPU
		{0FD8CF7A-CB45-48A2-9175-53D869694935}.Tmp|Mixed Platforms.Build.0 = Debug|Any CPU
		{0FD8CF7A-CB45-48A2-9175-53D869694935}.Tmp|x86.ActiveCfg = Debug|Any CPU
		{0FD8CF7A-CB45-48A2-9175-53D869694935}.Tmp|x86.Build.0 = Debug|Any CPU
		{5AC27898-65C7-45CC-842B-09997E481701}.CD_ROM|Any CPU.ActiveCfg = Debug|Any CPU
		{5AC27898-65C7-45CC-842B-09997E481701}.CD_ROM|Any CPU.Build.0 = Debug|Any CPU
		{5AC27898-65C7-45CC-842B-09997E481701}.CD_ROM|Mixed Platforms.ActiveCfg = Debug|Any CPU
		{5AC27898-65C7-45CC-842B-09997E481701}.CD_ROM|Mixed Platforms.Build.0 = Debug|Any CPU
		{5AC27898-65C7-45CC-842B-09997E481701}.CD_ROM|x86.ActiveCfg = Debug|Any CPU
		{5AC27898-65C7-45CC-842B-09997E481701}.CD_ROM|x86.Build.0 = Debug|Any CPU
		{5AC27898-65C7-45CC-842B-09997E481701}.Debug|Any CPU.ActiveCfg = Debug|Any CPU
		{5AC27898-65C7-45CC-842B-09997E481701}.Debug|Any CPU.Build.0 = Debug|Any CPU
		{5AC27898-65C7-45CC-842B-09997E481701}.Debug|Mixed Platforms.ActiveCfg = Debug|Any CPU
		{5AC27898-65C7-45CC-842B-09997E481701}.Debug|Mixed Platforms.Build.0 = Debug|Any CPU
		{5AC27898-65C7-45CC-842B-09997E481701}.Debug|x86.ActiveCfg = Debug|Any CPU
		{5AC27898-65C7-45CC-842B-09997E481701}.Debug|x86.Build.0 = Debug|Any CPU
		{5AC27898-65C7-45CC-842B-09997E481701}.DVD-5|Any CPU.ActiveCfg = Debug|Any CPU
		{5AC27898-65C7-45CC-842B-09997E481701}.DVD-5|Any CPU.Build.0 = Debug|Any CPU
		{5AC27898-65C7-45CC-842B-09997E481701}.DVD-5|Mixed Platforms.ActiveCfg = Debug|Any CPU
		{5AC27898-65C7-45CC-842B-09997E481701}.DVD-5|Mixed Platforms.Build.0 = Debug|Any CPU
		{5AC27898-65C7-45CC-842B-09997E481701}.DVD-5|x86.ActiveCfg = Debug|Any CPU
		{5AC27898-65C7-45CC-842B-09997E481701}.DVD-5|x86.Build.0 = Debug|Any CPU
		{5AC27898-65C7-45CC-842B-09997E481701}.Release|Any CPU.ActiveCfg = Release|Any CPU
		{5AC27898-65C7-45CC-842B-09997E481701}.Release|Any CPU.Build.0 = Release|Any CPU
		{5AC27898-65C7-45CC-842B-09997E481701}.Release|Mixed Platforms.ActiveCfg = Release|Any CPU
		{5AC27898-65C7-45CC-842B-09997E481701}.Release|Mixed Platforms.Build.0 = Release|Any CPU
		{5AC27898-65C7-45CC-842B-09997E481701}.Release|x86.ActiveCfg = Release|Any CPU
		{5AC27898-65C7-45CC-842B-09997E481701}.Release|x86.Build.0 = Release|Any CPU
		{5AC27898-65C7-45CC-842B-09997E481701}.SingleImage|Any CPU.ActiveCfg = Debug|Any CPU
		{5AC27898-65C7-45CC-842B-09997E481701}.SingleImage|Any CPU.Build.0 = Debug|Any CPU
		{5AC27898-65C7-45CC-842B-09997E481701}.SingleImage|Mixed Platforms.ActiveCfg = Debug|Any CPU
		{5AC27898-65C7-45CC-842B-09997E481701}.SingleImage|Mixed Platforms.Build.0 = Debug|Any CPU
		{5AC27898-65C7-45CC-842B-09997E481701}.SingleImage|x86.ActiveCfg = Debug|Any CPU
		{5AC27898-65C7-45CC-842B-09997E481701}.SingleImage|x86.Build.0 = Debug|Any CPU
		{5AC27898-65C7-45CC-842B-09997E481701}.Tmp|Any CPU.ActiveCfg = Debug|Any CPU
		{5AC27898-65C7-45CC-842B-09997E481701}.Tmp|Any CPU.Build.0 = Debug|Any CPU
		{5AC27898-65C7-45CC-842B-09997E481701}.Tmp|Mixed Platforms.ActiveCfg = Debug|Any CPU
		{5AC27898-65C7-45CC-842B-09997E481701}.Tmp|Mixed Platforms.Build.0 = Debug|Any CPU
		{5AC27898-65C7-45CC-842B-09997E481701}.Tmp|x86.ActiveCfg = Debug|Any CPU
		{5AC27898-65C7-45CC-842B-09997E481701}.Tmp|x86.Build.0 = Debug|Any CPU
		{CD1276EE-55F6-4AE8-97B8-5FE3222EE63A}.CD_ROM|Any CPU.ActiveCfg = Debug|Any CPU
		{CD1276EE-55F6-4AE8-97B8-5FE3222EE63A}.CD_ROM|Any CPU.Build.0 = Debug|Any CPU
		{CD1276EE-55F6-4AE8-97B8-5FE3222EE63A}.CD_ROM|Mixed Platforms.ActiveCfg = Debug|Any CPU
		{CD1276EE-55F6-4AE8-97B8-5FE3222EE63A}.CD_ROM|Mixed Platforms.Build.0 = Debug|Any CPU
		{CD1276EE-55F6-4AE8-97B8-5FE3222EE63A}.CD_ROM|x86.ActiveCfg = Debug|Any CPU
		{CD1276EE-55F6-4AE8-97B8-5FE3222EE63A}.CD_ROM|x86.Build.0 = Debug|Any CPU
		{CD1276EE-55F6-4AE8-97B8-5FE3222EE63A}.Debug|Any CPU.ActiveCfg = Debug|Any CPU
		{CD1276EE-55F6-4AE8-97B8-5FE3222EE63A}.Debug|Any CPU.Build.0 = Debug|Any CPU
		{CD1276EE-55F6-4AE8-97B8-5FE3222EE63A}.Debug|Mixed Platforms.ActiveCfg = Debug|Any CPU
		{CD1276EE-55F6-4AE8-97B8-5FE3222EE63A}.Debug|Mixed Platforms.Build.0 = Debug|Any CPU
		{CD1276EE-55F6-4AE8-97B8-5FE3222EE63A}.Debug|x86.ActiveCfg = Debug|Any CPU
		{CD1276EE-55F6-4AE8-97B8-5FE3222EE63A}.Debug|x86.Build.0 = Debug|Any CPU
		{CD1276EE-55F6-4AE8-97B8-5FE3222EE63A}.DVD-5|Any CPU.ActiveCfg = Debug|Any CPU
		{CD1276EE-55F6-4AE8-97B8-5FE3222EE63A}.DVD-5|Any CPU.Build.0 = Debug|Any CPU
		{CD1276EE-55F6-4AE8-97B8-5FE3222EE63A}.DVD-5|Mixed Platforms.ActiveCfg = Debug|Any CPU
		{CD1276EE-55F6-4AE8-97B8-5FE3222EE63A}.DVD-5|Mixed Platforms.Build.0 = Debug|Any CPU
		{CD1276EE-55F6-4AE8-97B8-5FE3222EE63A}.DVD-5|x86.ActiveCfg = Debug|Any CPU
		{CD1276EE-55F6-4AE8-97B8-5FE3222EE63A}.DVD-5|x86.Build.0 = Debug|Any CPU
		{CD1276EE-55F6-4AE8-97B8-5FE3222EE63A}.Release|Any CPU.ActiveCfg = Release|Any CPU
		{CD1276EE-55F6-4AE8-97B8-5FE3222EE63A}.Release|Any CPU.Build.0 = Release|Any CPU
		{CD1276EE-55F6-4AE8-97B8-5FE3222EE63A}.Release|Mixed Platforms.ActiveCfg = Release|Any CPU
		{CD1276EE-55F6-4AE8-97B8-5FE3222EE63A}.Release|Mixed Platforms.Build.0 = Release|Any CPU
		{CD1276EE-55F6-4AE8-97B8-5FE3222EE63A}.Release|x86.ActiveCfg = Release|Any CPU
		{CD1276EE-55F6-4AE8-97B8-5FE3222EE63A}.Release|x86.Build.0 = Release|Any CPU
		{CD1276EE-55F6-4AE8-97B8-5FE3222EE63A}.SingleImage|Any CPU.ActiveCfg = Debug|Any CPU
		{CD1276EE-55F6-4AE8-97B8-5FE3222EE63A}.SingleImage|Any CPU.Build.0 = Debug|Any CPU
		{CD1276EE-55F6-4AE8-97B8-5FE3222EE63A}.SingleImage|Mixed Platforms.ActiveCfg = Debug|Any CPU
		{CD1276EE-55F6-4AE8-97B8-5FE3222EE63A}.SingleImage|Mixed Platforms.Build.0 = Debug|Any CPU
		{CD1276EE-55F6-4AE8-97B8-5FE3222EE63A}.SingleImage|x86.ActiveCfg = Debug|Any CPU
		{CD1276EE-55F6-4AE8-97B8-5FE3222EE63A}.SingleImage|x86.Build.0 = Debug|Any CPU
		{CD1276EE-55F6-4AE8-97B8-5FE3222EE63A}.Tmp|Any CPU.ActiveCfg = Debug|Any CPU
		{CD1276EE-55F6-4AE8-97B8-5FE3222EE63A}.Tmp|Any CPU.Build.0 = Debug|Any CPU
		{CD1276EE-55F6-4AE8-97B8-5FE3222EE63A}.Tmp|Mixed Platforms.ActiveCfg = Debug|Any CPU
		{CD1276EE-55F6-4AE8-97B8-5FE3222EE63A}.Tmp|Mixed Platforms.Build.0 = Debug|Any CPU
		{CD1276EE-55F6-4AE8-97B8-5FE3222EE63A}.Tmp|x86.ActiveCfg = Debug|Any CPU
		{CD1276EE-55F6-4AE8-97B8-5FE3222EE63A}.Tmp|x86.Build.0 = Debug|Any CPU
		{83CA1BE5-58AB-48F9-91D6-9B4C22322F3A}.CD_ROM|Any CPU.ActiveCfg = Debug|Any CPU
		{83CA1BE5-58AB-48F9-91D6-9B4C22322F3A}.CD_ROM|Any CPU.Build.0 = Debug|Any CPU
		{83CA1BE5-58AB-48F9-91D6-9B4C22322F3A}.CD_ROM|Mixed Platforms.ActiveCfg = Debug|Any CPU
		{83CA1BE5-58AB-48F9-91D6-9B4C22322F3A}.CD_ROM|Mixed Platforms.Build.0 = Debug|Any CPU
		{83CA1BE5-58AB-48F9-91D6-9B4C22322F3A}.CD_ROM|x86.ActiveCfg = Debug|Any CPU
		{83CA1BE5-58AB-48F9-91D6-9B4C22322F3A}.CD_ROM|x86.Build.0 = Debug|Any CPU
		{83CA1BE5-58AB-48F9-91D6-9B4C22322F3A}.Debug|Any CPU.ActiveCfg = Debug|Any CPU
		{83CA1BE5-58AB-48F9-91D6-9B4C22322F3A}.Debug|Any CPU.Build.0 = Debug|Any CPU
		{83CA1BE5-58AB-48F9-91D6-9B4C22322F3A}.Debug|Mixed Platforms.ActiveCfg = Debug|Any CPU
		{83CA1BE5-58AB-48F9-91D6-9B4C22322F3A}.Debug|Mixed Platforms.Build.0 = Debug|Any CPU
		{83CA1BE5-58AB-48F9-91D6-9B4C22322F3A}.Debug|x86.ActiveCfg = Debug|Any CPU
		{83CA1BE5-58AB-48F9-91D6-9B4C22322F3A}.Debug|x86.Build.0 = Debug|Any CPU
		{83CA1BE5-58AB-48F9-91D6-9B4C22322F3A}.DVD-5|Any CPU.ActiveCfg = Debug|Any CPU
		{83CA1BE5-58AB-48F9-91D6-9B4C22322F3A}.DVD-5|Any CPU.Build.0 = Debug|Any CPU
		{83CA1BE5-58AB-48F9-91D6-9B4C22322F3A}.DVD-5|Mixed Platforms.ActiveCfg = Debug|Any CPU
		{83CA1BE5-58AB-48F9-91D6-9B4C22322F3A}.DVD-5|Mixed Platforms.Build.0 = Debug|Any CPU
		{83CA1BE5-58AB-48F9-91D6-9B4C22322F3A}.DVD-5|x86.ActiveCfg = Debug|Any CPU
		{83CA1BE5-58AB-48F9-91D6-9B4C22322F3A}.DVD-5|x86.Build.0 = Debug|Any CPU
		{83CA1BE5-58AB-48F9-91D6-9B4C22322F3A}.Release|Any CPU.ActiveCfg = Release|Any CPU
		{83CA1BE5-58AB-48F9-91D6-9B4C22322F3A}.Release|Any CPU.Build.0 = Release|Any CPU
		{83CA1BE5-58AB-48F9-91D6-9B4C22322F3A}.Release|Mixed Platforms.ActiveCfg = Release|Any CPU
		{83CA1BE5-58AB-48F9-91D6-9B4C22322F3A}.Release|Mixed Platforms.Build.0 = Release|Any CPU
		{83CA1BE5-58AB-48F9-91D6-9B4C22322F3A}.Release|x86.ActiveCfg = Release|Any CPU
		{83CA1BE5-58AB-48F9-91D6-9B4C22322F3A}.Release|x86.Build.0 = Release|Any CPU
		{83CA1BE5-58AB-48F9-91D6-9B4C22322F3A}.SingleImage|Any CPU.ActiveCfg = Debug|Any CPU
		{83CA1BE5-58AB-48F9-91D6-9B4C22322F3A}.SingleImage|Any CPU.Build.0 = Debug|Any CPU
		{83CA1BE5-58AB-48F9-91D6-9B4C22322F3A}.SingleImage|Mixed Platforms.ActiveCfg = Debug|Any CPU
		{83CA1BE5-58AB-48F9-91D6-9B4C22322F3A}.SingleImage|Mixed Platforms.Build.0 = Debug|Any CPU
		{83CA1BE5-58AB-48F9-91D6-9B4C22322F3A}.SingleImage|x86.ActiveCfg = Debug|Any CPU
		{83CA1BE5-58AB-48F9-91D6-9B4C22322F3A}.SingleImage|x86.Build.0 = Debug|Any CPU
		{83CA1BE5-58AB-48F9-91D6-9B4C22322F3A}.Tmp|Any CPU.ActiveCfg = Debug|Any CPU
		{83CA1BE5-58AB-48F9-91D6-9B4C22322F3A}.Tmp|Any CPU.Build.0 = Debug|Any CPU
		{83CA1BE5-58AB-48F9-91D6-9B4C22322F3A}.Tmp|Mixed Platforms.ActiveCfg = Debug|Any CPU
		{83CA1BE5-58AB-48F9-91D6-9B4C22322F3A}.Tmp|Mixed Platforms.Build.0 = Debug|Any CPU
		{83CA1BE5-58AB-48F9-91D6-9B4C22322F3A}.Tmp|x86.ActiveCfg = Debug|Any CPU
		{83CA1BE5-58AB-48F9-91D6-9B4C22322F3A}.Tmp|x86.Build.0 = Debug|Any CPU
		{35F7ABA6-8E8E-4DF5-9AFE-2F49A353825C}.CD_ROM|Any CPU.ActiveCfg = Debug|Any CPU
		{35F7ABA6-8E8E-4DF5-9AFE-2F49A353825C}.CD_ROM|Any CPU.Build.0 = Debug|Any CPU
		{35F7ABA6-8E8E-4DF5-9AFE-2F49A353825C}.CD_ROM|Mixed Platforms.ActiveCfg = Debug|Any CPU
		{35F7ABA6-8E8E-4DF5-9AFE-2F49A353825C}.CD_ROM|Mixed Platforms.Build.0 = Debug|Any CPU
		{35F7ABA6-8E8E-4DF5-9AFE-2F49A353825C}.CD_ROM|x86.ActiveCfg = Debug|Any CPU
		{35F7ABA6-8E8E-4DF5-9AFE-2F49A353825C}.CD_ROM|x86.Build.0 = Debug|Any CPU
		{35F7ABA6-8E8E-4DF5-9AFE-2F49A353825C}.Debug|Any CPU.ActiveCfg = Debug|Any CPU
		{35F7ABA6-8E8E-4DF5-9AFE-2F49A353825C}.Debug|Any CPU.Build.0 = Debug|Any CPU
		{35F7ABA6-8E8E-4DF5-9AFE-2F49A353825C}.Debug|Mixed Platforms.ActiveCfg = Debug|Any CPU
		{35F7ABA6-8E8E-4DF5-9AFE-2F49A353825C}.Debug|Mixed Platforms.Build.0 = Debug|Any CPU
		{35F7ABA6-8E8E-4DF5-9AFE-2F49A353825C}.Debug|x86.ActiveCfg = Debug|Any CPU
		{35F7ABA6-8E8E-4DF5-9AFE-2F49A353825C}.Debug|x86.Build.0 = Debug|Any CPU
		{35F7ABA6-8E8E-4DF5-9AFE-2F49A353825C}.DVD-5|Any CPU.ActiveCfg = Debug|Any CPU
		{35F7ABA6-8E8E-4DF5-9AFE-2F49A353825C}.DVD-5|Any CPU.Build.0 = Debug|Any CPU
		{35F7ABA6-8E8E-4DF5-9AFE-2F49A353825C}.DVD-5|Mixed Platforms.ActiveCfg = Debug|Any CPU
		{35F7ABA6-8E8E-4DF5-9AFE-2F49A353825C}.DVD-5|Mixed Platforms.Build.0 = Debug|Any CPU
		{35F7ABA6-8E8E-4DF5-9AFE-2F49A353825C}.DVD-5|x86.ActiveCfg = Debug|Any CPU
		{35F7ABA6-8E8E-4DF5-9AFE-2F49A353825C}.DVD-5|x86.Build.0 = Debug|Any CPU
		{35F7ABA6-8E8E-4DF5-9AFE-2F49A353825C}.Release|Any CPU.ActiveCfg = Release|Any CPU
		{35F7ABA6-8E8E-4DF5-9AFE-2F49A353825C}.Release|Any CPU.Build.0 = Release|Any CPU
		{35F7ABA6-8E8E-4DF5-9AFE-2F49A353825C}.Release|Mixed Platforms.ActiveCfg = Release|Any CPU
		{35F7ABA6-8E8E-4DF5-9AFE-2F49A353825C}.Release|Mixed Platforms.Build.0 = Release|Any CPU
		{35F7ABA6-8E8E-4DF5-9AFE-2F49A353825C}.Release|x86.ActiveCfg = Release|Any CPU
		{35F7ABA6-8E8E-4DF5-9AFE-2F49A353825C}.Release|x86.Build.0 = Release|Any CPU
		{35F7ABA6-8E8E-4DF5-9AFE-2F49A353825C}.SingleImage|Any CPU.ActiveCfg = Debug|Any CPU
		{35F7ABA6-8E8E-4DF5-9AFE-2F49A353825C}.SingleImage|Any CPU.Build.0 = Debug|Any CPU
		{35F7ABA6-8E8E-4DF5-9AFE-2F49A353825C}.SingleImage|Mixed Platforms.ActiveCfg = Debug|Any CPU
		{35F7ABA6-8E8E-4DF5-9AFE-2F49A353825C}.SingleImage|Mixed Platforms.Build.0 = Debug|Any CPU
		{35F7ABA6-8E8E-4DF5-9AFE-2F49A353825C}.SingleImage|x86.ActiveCfg = Debug|Any CPU
		{35F7ABA6-8E8E-4DF5-9AFE-2F49A353825C}.SingleImage|x86.Build.0 = Debug|Any CPU
		{35F7ABA6-8E8E-4DF5-9AFE-2F49A353825C}.Tmp|Any CPU.ActiveCfg = Debug|Any CPU
		{35F7ABA6-8E8E-4DF5-9AFE-2F49A353825C}.Tmp|Any CPU.Build.0 = Debug|Any CPU
		{35F7ABA6-8E8E-4DF5-9AFE-2F49A353825C}.Tmp|Mixed Platforms.ActiveCfg = Debug|Any CPU
		{35F7ABA6-8E8E-4DF5-9AFE-2F49A353825C}.Tmp|Mixed Platforms.Build.0 = Debug|Any CPU
		{35F7ABA6-8E8E-4DF5-9AFE-2F49A353825C}.Tmp|x86.ActiveCfg = Debug|Any CPU
		{35F7ABA6-8E8E-4DF5-9AFE-2F49A353825C}.Tmp|x86.Build.0 = Debug|Any CPU
		{6F407C21-A6AC-4851-965B-4F8C20B38F56}.CD_ROM|Any CPU.ActiveCfg = Debug|Any CPU
		{6F407C21-A6AC-4851-965B-4F8C20B38F56}.CD_ROM|Any CPU.Build.0 = Debug|Any CPU
		{6F407C21-A6AC-4851-965B-4F8C20B38F56}.CD_ROM|Mixed Platforms.ActiveCfg = Debug|Any CPU
		{6F407C21-A6AC-4851-965B-4F8C20B38F56}.CD_ROM|Mixed Platforms.Build.0 = Debug|Any CPU
		{6F407C21-A6AC-4851-965B-4F8C20B38F56}.CD_ROM|x86.ActiveCfg = Debug|Any CPU
		{6F407C21-A6AC-4851-965B-4F8C20B38F56}.CD_ROM|x86.Build.0 = Debug|Any CPU
		{6F407C21-A6AC-4851-965B-4F8C20B38F56}.Debug|Any CPU.ActiveCfg = Debug|Any CPU
		{6F407C21-A6AC-4851-965B-4F8C20B38F56}.Debug|Any CPU.Build.0 = Debug|Any CPU
		{6F407C21-A6AC-4851-965B-4F8C20B38F56}.Debug|Mixed Platforms.ActiveCfg = Debug|Any CPU
		{6F407C21-A6AC-4851-965B-4F8C20B38F56}.Debug|Mixed Platforms.Build.0 = Debug|Any CPU
		{6F407C21-A6AC-4851-965B-4F8C20B38F56}.Debug|x86.ActiveCfg = Debug|Any CPU
		{6F407C21-A6AC-4851-965B-4F8C20B38F56}.Debug|x86.Build.0 = Debug|Any CPU
		{6F407C21-A6AC-4851-965B-4F8C20B38F56}.DVD-5|Any CPU.ActiveCfg = Debug|Any CPU
		{6F407C21-A6AC-4851-965B-4F8C20B38F56}.DVD-5|Any CPU.Build.0 = Debug|Any CPU
		{6F407C21-A6AC-4851-965B-4F8C20B38F56}.DVD-5|Mixed Platforms.ActiveCfg = Debug|Any CPU
		{6F407C21-A6AC-4851-965B-4F8C20B38F56}.DVD-5|Mixed Platforms.Build.0 = Debug|Any CPU
		{6F407C21-A6AC-4851-965B-4F8C20B38F56}.DVD-5|x86.ActiveCfg = Debug|Any CPU
		{6F407C21-A6AC-4851-965B-4F8C20B38F56}.DVD-5|x86.Build.0 = Debug|Any CPU
		{6F407C21-A6AC-4851-965B-4F8C20B38F56}.Release|Any CPU.ActiveCfg = Release|Any CPU
		{6F407C21-A6AC-4851-965B-4F8C20B38F56}.Release|Any CPU.Build.0 = Release|Any CPU
		{6F407C21-A6AC-4851-965B-4F8C20B38F56}.Release|Mixed Platforms.ActiveCfg = Release|Any CPU
		{6F407C21-A6AC-4851-965B-4F8C20B38F56}.Release|Mixed Platforms.Build.0 = Release|Any CPU
		{6F407C21-A6AC-4851-965B-4F8C20B38F56}.Release|x86.ActiveCfg = Release|Any CPU
		{6F407C21-A6AC-4851-965B-4F8C20B38F56}.Release|x86.Build.0 = Release|Any CPU
		{6F407C21-A6AC-4851-965B-4F8C20B38F56}.SingleImage|Any CPU.ActiveCfg = Debug|Any CPU
		{6F407C21-A6AC-4851-965B-4F8C20B38F56}.SingleImage|Any CPU.Build.0 = Debug|Any CPU
		{6F407C21-A6AC-4851-965B-4F8C20B38F56}.SingleImage|Mixed Platforms.ActiveCfg = Debug|Any CPU
		{6F407C21-A6AC-4851-965B-4F8C20B38F56}.SingleImage|Mixed Platforms.Build.0 = Debug|Any CPU
		{6F407C21-A6AC-4851-965B-4F8C20B38F56}.SingleImage|x86.ActiveCfg = Debug|Any CPU
		{6F407C21-A6AC-4851-965B-4F8C20B38F56}.SingleImage|x86.Build.0 = Debug|Any CPU
		{6F407C21-A6AC-4851-965B-4F8C20B38F56}.Tmp|Any CPU.ActiveCfg = Debug|Any CPU
		{6F407C21-A6AC-4851-965B-4F8C20B38F56}.Tmp|Any CPU.Build.0 = Debug|Any CPU
		{6F407C21-A6AC-4851-965B-4F8C20B38F56}.Tmp|Mixed Platforms.ActiveCfg = Debug|Any CPU
		{6F407C21-A6AC-4851-965B-4F8C20B38F56}.Tmp|Mixed Platforms.Build.0 = Debug|Any CPU
		{6F407C21-A6AC-4851-965B-4F8C20B38F56}.Tmp|x86.ActiveCfg = Debug|Any CPU
		{6F407C21-A6AC-4851-965B-4F8C20B38F56}.Tmp|x86.Build.0 = Debug|Any CPU
		{65E3A9C9-DEBC-40D0-9DE0-E3C3AA489DB2}.CD_ROM|Any CPU.ActiveCfg = Debug|Any CPU
		{65E3A9C9-DEBC-40D0-9DE0-E3C3AA489DB2}.CD_ROM|Any CPU.Build.0 = Debug|Any CPU
		{65E3A9C9-DEBC-40D0-9DE0-E3C3AA489DB2}.CD_ROM|Mixed Platforms.ActiveCfg = Debug|Any CPU
		{65E3A9C9-DEBC-40D0-9DE0-E3C3AA489DB2}.CD_ROM|Mixed Platforms.Build.0 = Debug|Any CPU
		{65E3A9C9-DEBC-40D0-9DE0-E3C3AA489DB2}.CD_ROM|x86.ActiveCfg = Debug|Any CPU
		{65E3A9C9-DEBC-40D0-9DE0-E3C3AA489DB2}.CD_ROM|x86.Build.0 = Debug|Any CPU
		{65E3A9C9-DEBC-40D0-9DE0-E3C3AA489DB2}.Debug|Any CPU.ActiveCfg = Debug|Any CPU
		{65E3A9C9-DEBC-40D0-9DE0-E3C3AA489DB2}.Debug|Any CPU.Build.0 = Debug|Any CPU
		{65E3A9C9-DEBC-40D0-9DE0-E3C3AA489DB2}.Debug|Mixed Platforms.ActiveCfg = Debug|Any CPU
		{65E3A9C9-DEBC-40D0-9DE0-E3C3AA489DB2}.Debug|Mixed Platforms.Build.0 = Debug|Any CPU
		{65E3A9C9-DEBC-40D0-9DE0-E3C3AA489DB2}.Debug|x86.ActiveCfg = Debug|Any CPU
		{65E3A9C9-DEBC-40D0-9DE0-E3C3AA489DB2}.Debug|x86.Build.0 = Debug|Any CPU
		{65E3A9C9-DEBC-40D0-9DE0-E3C3AA489DB2}.DVD-5|Any CPU.ActiveCfg = Debug|Any CPU
		{65E3A9C9-DEBC-40D0-9DE0-E3C3AA489DB2}.DVD-5|Any CPU.Build.0 = Debug|Any CPU
		{65E3A9C9-DEBC-40D0-9DE0-E3C3AA489DB2}.DVD-5|Mixed Platforms.ActiveCfg = Debug|Any CPU
		{65E3A9C9-DEBC-40D0-9DE0-E3C3AA489DB2}.DVD-5|Mixed Platforms.Build.0 = Debug|Any CPU
		{65E3A9C9-DEBC-40D0-9DE0-E3C3AA489DB2}.DVD-5|x86.ActiveCfg = Debug|Any CPU
		{65E3A9C9-DEBC-40D0-9DE0-E3C3AA489DB2}.DVD-5|x86.Build.0 = Debug|Any CPU
		{65E3A9C9-DEBC-40D0-9DE0-E3C3AA489DB2}.Release|Any CPU.ActiveCfg = Release|Any CPU
		{65E3A9C9-DEBC-40D0-9DE0-E3C3AA489DB2}.Release|Any CPU.Build.0 = Release|Any CPU
		{65E3A9C9-DEBC-40D0-9DE0-E3C3AA489DB2}.Release|Mixed Platforms.ActiveCfg = Release|Any CPU
		{65E3A9C9-DEBC-40D0-9DE0-E3C3AA489DB2}.Release|Mixed Platforms.Build.0 = Release|Any CPU
		{65E3A9C9-DEBC-40D0-9DE0-E3C3AA489DB2}.Release|x86.ActiveCfg = Release|Any CPU
		{65E3A9C9-DEBC-40D0-9DE0-E3C3AA489DB2}.Release|x86.Build.0 = Release|Any CPU
		{65E3A9C9-DEBC-40D0-9DE0-E3C3AA489DB2}.SingleImage|Any CPU.ActiveCfg = Debug|Any CPU
		{65E3A9C9-DEBC-40D0-9DE0-E3C3AA489DB2}.SingleImage|Any CPU.Build.0 = Debug|Any CPU
		{65E3A9C9-DEBC-40D0-9DE0-E3C3AA489DB2}.SingleImage|Mixed Platforms.ActiveCfg = Debug|Any CPU
		{65E3A9C9-DEBC-40D0-9DE0-E3C3AA489DB2}.SingleImage|Mixed Platforms.Build.0 = Debug|Any CPU
		{65E3A9C9-DEBC-40D0-9DE0-E3C3AA489DB2}.SingleImage|x86.ActiveCfg = Debug|Any CPU
		{65E3A9C9-DEBC-40D0-9DE0-E3C3AA489DB2}.SingleImage|x86.Build.0 = Debug|Any CPU
		{65E3A9C9-DEBC-40D0-9DE0-E3C3AA489DB2}.Tmp|Any CPU.ActiveCfg = Debug|Any CPU
		{65E3A9C9-DEBC-40D0-9DE0-E3C3AA489DB2}.Tmp|Any CPU.Build.0 = Debug|Any CPU
		{65E3A9C9-DEBC-40D0-9DE0-E3C3AA489DB2}.Tmp|Mixed Platforms.ActiveCfg = Debug|Any CPU
		{65E3A9C9-DEBC-40D0-9DE0-E3C3AA489DB2}.Tmp|Mixed Platforms.Build.0 = Debug|Any CPU
		{65E3A9C9-DEBC-40D0-9DE0-E3C3AA489DB2}.Tmp|x86.ActiveCfg = Debug|Any CPU
		{65E3A9C9-DEBC-40D0-9DE0-E3C3AA489DB2}.Tmp|x86.Build.0 = Debug|Any CPU
		{115D72BB-5ADF-49A9-A273-59068B5819DF}.CD_ROM|Any CPU.ActiveCfg = Debug|Any CPU
		{115D72BB-5ADF-49A9-A273-59068B5819DF}.CD_ROM|Any CPU.Build.0 = Debug|Any CPU
		{115D72BB-5ADF-49A9-A273-59068B5819DF}.CD_ROM|Mixed Platforms.ActiveCfg = Debug|Any CPU
		{115D72BB-5ADF-49A9-A273-59068B5819DF}.CD_ROM|Mixed Platforms.Build.0 = Debug|Any CPU
		{115D72BB-5ADF-49A9-A273-59068B5819DF}.CD_ROM|x86.ActiveCfg = Debug|Any CPU
		{115D72BB-5ADF-49A9-A273-59068B5819DF}.CD_ROM|x86.Build.0 = Debug|Any CPU
		{115D72BB-5ADF-49A9-A273-59068B5819DF}.Debug|Any CPU.ActiveCfg = Debug|Any CPU
		{115D72BB-5ADF-49A9-A273-59068B5819DF}.Debug|Any CPU.Build.0 = Debug|Any CPU
		{115D72BB-5ADF-49A9-A273-59068B5819DF}.Debug|Mixed Platforms.ActiveCfg = Debug|Any CPU
		{115D72BB-5ADF-49A9-A273-59068B5819DF}.Debug|Mixed Platforms.Build.0 = Debug|Any CPU
		{115D72BB-5ADF-49A9-A273-59068B5819DF}.Debug|x86.ActiveCfg = Debug|Any CPU
		{115D72BB-5ADF-49A9-A273-59068B5819DF}.Debug|x86.Build.0 = Debug|Any CPU
		{115D72BB-5ADF-49A9-A273-59068B5819DF}.DVD-5|Any CPU.ActiveCfg = Debug|Any CPU
		{115D72BB-5ADF-49A9-A273-59068B5819DF}.DVD-5|Any CPU.Build.0 = Debug|Any CPU
		{115D72BB-5ADF-49A9-A273-59068B5819DF}.DVD-5|Mixed Platforms.ActiveCfg = Debug|Any CPU
		{115D72BB-5ADF-49A9-A273-59068B5819DF}.DVD-5|Mixed Platforms.Build.0 = Debug|Any CPU
		{115D72BB-5ADF-49A9-A273-59068B5819DF}.DVD-5|x86.ActiveCfg = Debug|Any CPU
		{115D72BB-5ADF-49A9-A273-59068B5819DF}.DVD-5|x86.Build.0 = Debug|Any CPU
		{115D72BB-5ADF-49A9-A273-59068B5819DF}.Release|Any CPU.ActiveCfg = Release|Any CPU
		{115D72BB-5ADF-49A9-A273-59068B5819DF}.Release|Any CPU.Build.0 = Release|Any CPU
		{115D72BB-5ADF-49A9-A273-59068B5819DF}.Release|Mixed Platforms.ActiveCfg = Release|Any CPU
		{115D72BB-5ADF-49A9-A273-59068B5819DF}.Release|Mixed Platforms.Build.0 = Release|Any CPU
		{115D72BB-5ADF-49A9-A273-59068B5819DF}.Release|x86.ActiveCfg = Release|Any CPU
		{115D72BB-5ADF-49A9-A273-59068B5819DF}.Release|x86.Build.0 = Release|Any CPU
		{115D72BB-5ADF-49A9-A273-59068B5819DF}.SingleImage|Any CPU.ActiveCfg = Debug|Any CPU
		{115D72BB-5ADF-49A9-A273-59068B5819DF}.SingleImage|Any CPU.Build.0 = Debug|Any CPU
		{115D72BB-5ADF-49A9-A273-59068B5819DF}.SingleImage|Mixed Platforms.ActiveCfg = Debug|Any CPU
		{115D72BB-5ADF-49A9-A273-59068B5819DF}.SingleImage|Mixed Platforms.Build.0 = Debug|Any CPU
		{115D72BB-5ADF-49A9-A273-59068B5819DF}.SingleImage|x86.ActiveCfg = Debug|Any CPU
		{115D72BB-5ADF-49A9-A273-59068B5819DF}.SingleImage|x86.Build.0 = Debug|Any CPU
		{115D72BB-5ADF-49A9-A273-59068B5819DF}.Tmp|Any CPU.ActiveCfg = Debug|Any CPU
		{115D72BB-5ADF-49A9-A273-59068B5819DF}.Tmp|Any CPU.Build.0 = Debug|Any CPU
		{115D72BB-5ADF-49A9-A273-59068B5819DF}.Tmp|Mixed Platforms.ActiveCfg = Debug|Any CPU
		{115D72BB-5ADF-49A9-A273-59068B5819DF}.Tmp|Mixed Platforms.Build.0 = Debug|Any CPU
		{115D72BB-5ADF-49A9-A273-59068B5819DF}.Tmp|x86.ActiveCfg = Debug|Any CPU
		{115D72BB-5ADF-49A9-A273-59068B5819DF}.Tmp|x86.Build.0 = Debug|Any CPU
		{4CCE877E-32E5-49E6-B294-C404B0F42492}.CD_ROM|Any CPU.ActiveCfg = Debug|Any CPU
		{4CCE877E-32E5-49E6-B294-C404B0F42492}.CD_ROM|Any CPU.Build.0 = Debug|Any CPU
		{4CCE877E-32E5-49E6-B294-C404B0F42492}.CD_ROM|Mixed Platforms.ActiveCfg = Debug|Any CPU
		{4CCE877E-32E5-49E6-B294-C404B0F42492}.CD_ROM|Mixed Platforms.Build.0 = Debug|Any CPU
		{4CCE877E-32E5-49E6-B294-C404B0F42492}.CD_ROM|x86.ActiveCfg = Debug|Any CPU
		{4CCE877E-32E5-49E6-B294-C404B0F42492}.CD_ROM|x86.Build.0 = Debug|Any CPU
		{4CCE877E-32E5-49E6-B294-C404B0F42492}.Debug|Any CPU.ActiveCfg = Debug|Any CPU
		{4CCE877E-32E5-49E6-B294-C404B0F42492}.Debug|Any CPU.Build.0 = Debug|Any CPU
		{4CCE877E-32E5-49E6-B294-C404B0F42492}.Debug|Mixed Platforms.ActiveCfg = Debug|Any CPU
		{4CCE877E-32E5-49E6-B294-C404B0F42492}.Debug|Mixed Platforms.Build.0 = Debug|Any CPU
		{4CCE877E-32E5-49E6-B294-C404B0F42492}.Debug|x86.ActiveCfg = Debug|Any CPU
		{4CCE877E-32E5-49E6-B294-C404B0F42492}.Debug|x86.Build.0 = Debug|Any CPU
		{4CCE877E-32E5-49E6-B294-C404B0F42492}.DVD-5|Any CPU.ActiveCfg = Debug|Any CPU
		{4CCE877E-32E5-49E6-B294-C404B0F42492}.DVD-5|Any CPU.Build.0 = Debug|Any CPU
		{4CCE877E-32E5-49E6-B294-C404B0F42492}.DVD-5|Mixed Platforms.ActiveCfg = Debug|Any CPU
		{4CCE877E-32E5-49E6-B294-C404B0F42492}.DVD-5|Mixed Platforms.Build.0 = Debug|Any CPU
		{4CCE877E-32E5-49E6-B294-C404B0F42492}.DVD-5|x86.ActiveCfg = Debug|Any CPU
		{4CCE877E-32E5-49E6-B294-C404B0F42492}.DVD-5|x86.Build.0 = Debug|Any CPU
		{4CCE877E-32E5-49E6-B294-C404B0F42492}.Release|Any CPU.ActiveCfg = Release|Any CPU
		{4CCE877E-32E5-49E6-B294-C404B0F42492}.Release|Any CPU.Build.0 = Release|Any CPU
		{4CCE877E-32E5-49E6-B294-C404B0F42492}.Release|Mixed Platforms.ActiveCfg = Release|Any CPU
		{4CCE877E-32E5-49E6-B294-C404B0F42492}.Release|Mixed Platforms.Build.0 = Release|Any CPU
		{4CCE877E-32E5-49E6-B294-C404B0F42492}.Release|x86.ActiveCfg = Release|Any CPU
		{4CCE877E-32E5-49E6-B294-C404B0F42492}.Release|x86.Build.0 = Release|Any CPU
		{4CCE877E-32E5-49E6-B294-C404B0F42492}.SingleImage|Any CPU.ActiveCfg = Debug|Any CPU
		{4CCE877E-32E5-49E6-B294-C404B0F42492}.SingleImage|Any CPU.Build.0 = Debug|Any CPU
		{4CCE877E-32E5-49E6-B294-C404B0F42492}.SingleImage|Mixed Platforms.ActiveCfg = Debug|Any CPU
		{4CCE877E-32E5-49E6-B294-C404B0F42492}.SingleImage|Mixed Platforms.Build.0 = Debug|Any CPU
		{4CCE877E-32E5-49E6-B294-C404B0F42492}.SingleImage|x86.ActiveCfg = Debug|Any CPU
		{4CCE877E-32E5-49E6-B294-C404B0F42492}.SingleImage|x86.Build.0 = Debug|Any CPU
		{4CCE877E-32E5-49E6-B294-C404B0F42492}.Tmp|Any CPU.ActiveCfg = Debug|Any CPU
		{4CCE877E-32E5-49E6-B294-C404B0F42492}.Tmp|Any CPU.Build.0 = Debug|Any CPU
		{4CCE877E-32E5-49E6-B294-C404B0F42492}.Tmp|Mixed Platforms.ActiveCfg = Debug|Any CPU
		{4CCE877E-32E5-49E6-B294-C404B0F42492}.Tmp|Mixed Platforms.Build.0 = Debug|Any CPU
		{4CCE877E-32E5-49E6-B294-C404B0F42492}.Tmp|x86.ActiveCfg = Debug|Any CPU
		{4CCE877E-32E5-49E6-B294-C404B0F42492}.Tmp|x86.Build.0 = Debug|Any CPU
		{726A40E5-3135-4C3E-A391-3C1BFCE5C6CB}.CD_ROM|Any CPU.ActiveCfg = Debug|Any CPU
		{726A40E5-3135-4C3E-A391-3C1BFCE5C6CB}.CD_ROM|Any CPU.Build.0 = Debug|Any CPU
		{726A40E5-3135-4C3E-A391-3C1BFCE5C6CB}.CD_ROM|Mixed Platforms.ActiveCfg = Debug|Any CPU
		{726A40E5-3135-4C3E-A391-3C1BFCE5C6CB}.CD_ROM|Mixed Platforms.Build.0 = Debug|Any CPU
		{726A40E5-3135-4C3E-A391-3C1BFCE5C6CB}.CD_ROM|x86.ActiveCfg = Debug|Any CPU
		{726A40E5-3135-4C3E-A391-3C1BFCE5C6CB}.CD_ROM|x86.Build.0 = Debug|Any CPU
		{726A40E5-3135-4C3E-A391-3C1BFCE5C6CB}.Debug|Any CPU.ActiveCfg = Debug|Any CPU
		{726A40E5-3135-4C3E-A391-3C1BFCE5C6CB}.Debug|Any CPU.Build.0 = Debug|Any CPU
		{726A40E5-3135-4C3E-A391-3C1BFCE5C6CB}.Debug|Mixed Platforms.ActiveCfg = Debug|Any CPU
		{726A40E5-3135-4C3E-A391-3C1BFCE5C6CB}.Debug|Mixed Platforms.Build.0 = Debug|Any CPU
		{726A40E5-3135-4C3E-A391-3C1BFCE5C6CB}.Debug|x86.ActiveCfg = Debug|Any CPU
		{726A40E5-3135-4C3E-A391-3C1BFCE5C6CB}.Debug|x86.Build.0 = Debug|Any CPU
		{726A40E5-3135-4C3E-A391-3C1BFCE5C6CB}.DVD-5|Any CPU.ActiveCfg = Debug|Any CPU
		{726A40E5-3135-4C3E-A391-3C1BFCE5C6CB}.DVD-5|Any CPU.Build.0 = Debug|Any CPU
		{726A40E5-3135-4C3E-A391-3C1BFCE5C6CB}.DVD-5|Mixed Platforms.ActiveCfg = Debug|Any CPU
		{726A40E5-3135-4C3E-A391-3C1BFCE5C6CB}.DVD-5|Mixed Platforms.Build.0 = Debug|Any CPU
		{726A40E5-3135-4C3E-A391-3C1BFCE5C6CB}.DVD-5|x86.ActiveCfg = Debug|Any CPU
		{726A40E5-3135-4C3E-A391-3C1BFCE5C6CB}.DVD-5|x86.Build.0 = Debug|Any CPU
		{726A40E5-3135-4C3E-A391-3C1BFCE5C6CB}.Release|Any CPU.ActiveCfg = Release|Any CPU
		{726A40E5-3135-4C3E-A391-3C1BFCE5C6CB}.Release|Any CPU.Build.0 = Release|Any CPU
		{726A40E5-3135-4C3E-A391-3C1BFCE5C6CB}.Release|Mixed Platforms.ActiveCfg = Release|Any CPU
		{726A40E5-3135-4C3E-A391-3C1BFCE5C6CB}.Release|Mixed Platforms.Build.0 = Release|Any CPU
		{726A40E5-3135-4C3E-A391-3C1BFCE5C6CB}.Release|x86.ActiveCfg = Release|Any CPU
		{726A40E5-3135-4C3E-A391-3C1BFCE5C6CB}.Release|x86.Build.0 = Release|Any CPU
		{726A40E5-3135-4C3E-A391-3C1BFCE5C6CB}.SingleImage|Any CPU.ActiveCfg = Debug|Any CPU
		{726A40E5-3135-4C3E-A391-3C1BFCE5C6CB}.SingleImage|Any CPU.Build.0 = Debug|Any CPU
		{726A40E5-3135-4C3E-A391-3C1BFCE5C6CB}.SingleImage|Mixed Platforms.ActiveCfg = Debug|Any CPU
		{726A40E5-3135-4C3E-A391-3C1BFCE5C6CB}.SingleImage|Mixed Platforms.Build.0 = Debug|Any CPU
		{726A40E5-3135-4C3E-A391-3C1BFCE5C6CB}.SingleImage|x86.ActiveCfg = Debug|Any CPU
		{726A40E5-3135-4C3E-A391-3C1BFCE5C6CB}.SingleImage|x86.Build.0 = Debug|Any CPU
		{726A40E5-3135-4C3E-A391-3C1BFCE5C6CB}.Tmp|Any CPU.ActiveCfg = Debug|Any CPU
		{726A40E5-3135-4C3E-A391-3C1BFCE5C6CB}.Tmp|Any CPU.Build.0 = Debug|Any CPU
		{726A40E5-3135-4C3E-A391-3C1BFCE5C6CB}.Tmp|Mixed Platforms.ActiveCfg = Debug|Any CPU
		{726A40E5-3135-4C3E-A391-3C1BFCE5C6CB}.Tmp|Mixed Platforms.Build.0 = Debug|Any CPU
		{726A40E5-3135-4C3E-A391-3C1BFCE5C6CB}.Tmp|x86.ActiveCfg = Debug|Any CPU
		{726A40E5-3135-4C3E-A391-3C1BFCE5C6CB}.Tmp|x86.Build.0 = Debug|Any CPU
		{C92878E0-61F7-45B9-973C-39F96A378D86}.CD_ROM|Any CPU.ActiveCfg = Debug|Any CPU
		{C92878E0-61F7-45B9-973C-39F96A378D86}.CD_ROM|Any CPU.Build.0 = Debug|Any CPU
		{C92878E0-61F7-45B9-973C-39F96A378D86}.CD_ROM|Mixed Platforms.ActiveCfg = Debug|Any CPU
		{C92878E0-61F7-45B9-973C-39F96A378D86}.CD_ROM|Mixed Platforms.Build.0 = Debug|Any CPU
		{C92878E0-61F7-45B9-973C-39F96A378D86}.CD_ROM|x86.ActiveCfg = Debug|Any CPU
		{C92878E0-61F7-45B9-973C-39F96A378D86}.CD_ROM|x86.Build.0 = Debug|Any CPU
		{C92878E0-61F7-45B9-973C-39F96A378D86}.Debug|Any CPU.ActiveCfg = Debug|Any CPU
		{C92878E0-61F7-45B9-973C-39F96A378D86}.Debug|Any CPU.Build.0 = Debug|Any CPU
		{C92878E0-61F7-45B9-973C-39F96A378D86}.Debug|Mixed Platforms.ActiveCfg = Debug|Any CPU
		{C92878E0-61F7-45B9-973C-39F96A378D86}.Debug|Mixed Platforms.Build.0 = Debug|Any CPU
		{C92878E0-61F7-45B9-973C-39F96A378D86}.Debug|x86.ActiveCfg = Debug|Any CPU
		{C92878E0-61F7-45B9-973C-39F96A378D86}.Debug|x86.Build.0 = Debug|Any CPU
		{C92878E0-61F7-45B9-973C-39F96A378D86}.DVD-5|Any CPU.ActiveCfg = Debug|Any CPU
		{C92878E0-61F7-45B9-973C-39F96A378D86}.DVD-5|Any CPU.Build.0 = Debug|Any CPU
		{C92878E0-61F7-45B9-973C-39F96A378D86}.DVD-5|Mixed Platforms.ActiveCfg = Debug|Any CPU
		{C92878E0-61F7-45B9-973C-39F96A378D86}.DVD-5|Mixed Platforms.Build.0 = Debug|Any CPU
		{C92878E0-61F7-45B9-973C-39F96A378D86}.DVD-5|x86.ActiveCfg = Debug|Any CPU
		{C92878E0-61F7-45B9-973C-39F96A378D86}.DVD-5|x86.Build.0 = Debug|Any CPU
		{C92878E0-61F7-45B9-973C-39F96A378D86}.Release|Any CPU.ActiveCfg = Release|Any CPU
		{C92878E0-61F7-45B9-973C-39F96A378D86}.Release|Any CPU.Build.0 = Release|Any CPU
		{C92878E0-61F7-45B9-973C-39F96A378D86}.Release|Mixed Platforms.ActiveCfg = Release|Any CPU
		{C92878E0-61F7-45B9-973C-39F96A378D86}.Release|Mixed Platforms.Build.0 = Release|Any CPU
		{C92878E0-61F7-45B9-973C-39F96A378D86}.Release|x86.ActiveCfg = Release|Any CPU
		{C92878E0-61F7-45B9-973C-39F96A378D86}.Release|x86.Build.0 = Release|Any CPU
		{C92878E0-61F7-45B9-973C-39F96A378D86}.SingleImage|Any CPU.ActiveCfg = Debug|Any CPU
		{C92878E0-61F7-45B9-973C-39F96A378D86}.SingleImage|Any CPU.Build.0 = Debug|Any CPU
		{C92878E0-61F7-45B9-973C-39F96A378D86}.SingleImage|Mixed Platforms.ActiveCfg = Debug|Any CPU
		{C92878E0-61F7-45B9-973C-39F96A378D86}.SingleImage|Mixed Platforms.Build.0 = Debug|Any CPU
		{C92878E0-61F7-45B9-973C-39F96A378D86}.SingleImage|x86.ActiveCfg = Debug|Any CPU
		{C92878E0-61F7-45B9-973C-39F96A378D86}.SingleImage|x86.Build.0 = Debug|Any CPU
		{C92878E0-61F7-45B9-973C-39F96A378D86}.Tmp|Any CPU.ActiveCfg = Debug|Any CPU
		{C92878E0-61F7-45B9-973C-39F96A378D86}.Tmp|Any CPU.Build.0 = Debug|Any CPU
		{C92878E0-61F7-45B9-973C-39F96A378D86}.Tmp|Mixed Platforms.ActiveCfg = Debug|Any CPU
		{C92878E0-61F7-45B9-973C-39F96A378D86}.Tmp|Mixed Platforms.Build.0 = Debug|Any CPU
		{C92878E0-61F7-45B9-973C-39F96A378D86}.Tmp|x86.ActiveCfg = Debug|Any CPU
		{C92878E0-61F7-45B9-973C-39F96A378D86}.Tmp|x86.Build.0 = Debug|Any CPU
		{225DFCD8-2B6F-406C-8E5C-C6019ACB8127}.CD_ROM|Any CPU.ActiveCfg = Debug|Any CPU
		{225DFCD8-2B6F-406C-8E5C-C6019ACB8127}.CD_ROM|Any CPU.Build.0 = Debug|Any CPU
		{225DFCD8-2B6F-406C-8E5C-C6019ACB8127}.CD_ROM|Mixed Platforms.ActiveCfg = Debug|Any CPU
		{225DFCD8-2B6F-406C-8E5C-C6019ACB8127}.CD_ROM|Mixed Platforms.Build.0 = Debug|Any CPU
		{225DFCD8-2B6F-406C-8E5C-C6019ACB8127}.CD_ROM|x86.ActiveCfg = Debug|Any CPU
		{225DFCD8-2B6F-406C-8E5C-C6019ACB8127}.CD_ROM|x86.Build.0 = Debug|Any CPU
		{225DFCD8-2B6F-406C-8E5C-C6019ACB8127}.Debug|Any CPU.ActiveCfg = Debug|Any CPU
		{225DFCD8-2B6F-406C-8E5C-C6019ACB8127}.Debug|Any CPU.Build.0 = Debug|Any CPU
		{225DFCD8-2B6F-406C-8E5C-C6019ACB8127}.Debug|Mixed Platforms.ActiveCfg = Debug|Any CPU
		{225DFCD8-2B6F-406C-8E5C-C6019ACB8127}.Debug|Mixed Platforms.Build.0 = Debug|Any CPU
		{225DFCD8-2B6F-406C-8E5C-C6019ACB8127}.Debug|x86.ActiveCfg = Debug|Any CPU
		{225DFCD8-2B6F-406C-8E5C-C6019ACB8127}.Debug|x86.Build.0 = Debug|Any CPU
		{225DFCD8-2B6F-406C-8E5C-C6019ACB8127}.DVD-5|Any CPU.ActiveCfg = Debug|Any CPU
		{225DFCD8-2B6F-406C-8E5C-C6019ACB8127}.DVD-5|Any CPU.Build.0 = Debug|Any CPU
		{225DFCD8-2B6F-406C-8E5C-C6019ACB8127}.DVD-5|Mixed Platforms.ActiveCfg = Debug|Any CPU
		{225DFCD8-2B6F-406C-8E5C-C6019ACB8127}.DVD-5|Mixed Platforms.Build.0 = Debug|Any CPU
		{225DFCD8-2B6F-406C-8E5C-C6019ACB8127}.DVD-5|x86.ActiveCfg = Debug|Any CPU
		{225DFCD8-2B6F-406C-8E5C-C6019ACB8127}.DVD-5|x86.Build.0 = Debug|Any CPU
		{225DFCD8-2B6F-406C-8E5C-C6019ACB8127}.Release|Any CPU.ActiveCfg = Release|Any CPU
		{225DFCD8-2B6F-406C-8E5C-C6019ACB8127}.Release|Any CPU.Build.0 = Release|Any CPU
		{225DFCD8-2B6F-406C-8E5C-C6019ACB8127}.Release|Mixed Platforms.ActiveCfg = Release|Any CPU
		{225DFCD8-2B6F-406C-8E5C-C6019ACB8127}.Release|Mixed Platforms.Build.0 = Release|Any CPU
		{225DFCD8-2B6F-406C-8E5C-C6019ACB8127}.Release|x86.ActiveCfg = Release|Any CPU
		{225DFCD8-2B6F-406C-8E5C-C6019ACB8127}.Release|x86.Build.0 = Release|Any CPU
		{225DFCD8-2B6F-406C-8E5C-C6019ACB8127}.SingleImage|Any CPU.ActiveCfg = Debug|Any CPU
		{225DFCD8-2B6F-406C-8E5C-C6019ACB8127}.SingleImage|Any CPU.Build.0 = Debug|Any CPU
		{225DFCD8-2B6F-406C-8E5C-C6019ACB8127}.SingleImage|Mixed Platforms.ActiveCfg = Debug|Any CPU
		{225DFCD8-2B6F-406C-8E5C-C6019ACB8127}.SingleImage|Mixed Platforms.Build.0 = Debug|Any CPU
		{225DFCD8-2B6F-406C-8E5C-C6019ACB8127}.SingleImage|x86.ActiveCfg = Debug|Any CPU
		{225DFCD8-2B6F-406C-8E5C-C6019ACB8127}.SingleImage|x86.Build.0 = Debug|Any CPU
		{225DFCD8-2B6F-406C-8E5C-C6019ACB8127}.Tmp|Any CPU.ActiveCfg = Debug|Any CPU
		{225DFCD8-2B6F-406C-8E5C-C6019ACB8127}.Tmp|Any CPU.Build.0 = Debug|Any CPU
		{225DFCD8-2B6F-406C-8E5C-C6019ACB8127}.Tmp|Mixed Platforms.ActiveCfg = Debug|Any CPU
		{225DFCD8-2B6F-406C-8E5C-C6019ACB8127}.Tmp|Mixed Platforms.Build.0 = Debug|Any CPU
		{225DFCD8-2B6F-406C-8E5C-C6019ACB8127}.Tmp|x86.ActiveCfg = Debug|Any CPU
		{225DFCD8-2B6F-406C-8E5C-C6019ACB8127}.Tmp|x86.Build.0 = Debug|Any CPU
		{0454EBCE-084B-41C1-85DE-77DAD9FACA62}.CD_ROM|Any CPU.ActiveCfg = Debug|Any CPU
		{0454EBCE-084B-41C1-85DE-77DAD9FACA62}.CD_ROM|Any CPU.Build.0 = Debug|Any CPU
		{0454EBCE-084B-41C1-85DE-77DAD9FACA62}.CD_ROM|Mixed Platforms.ActiveCfg = Debug|Any CPU
		{0454EBCE-084B-41C1-85DE-77DAD9FACA62}.CD_ROM|Mixed Platforms.Build.0 = Debug|Any CPU
		{0454EBCE-084B-41C1-85DE-77DAD9FACA62}.CD_ROM|x86.ActiveCfg = Debug|Any CPU
		{0454EBCE-084B-41C1-85DE-77DAD9FACA62}.CD_ROM|x86.Build.0 = Debug|Any CPU
		{0454EBCE-084B-41C1-85DE-77DAD9FACA62}.Debug|Any CPU.ActiveCfg = Debug|Any CPU
		{0454EBCE-084B-41C1-85DE-77DAD9FACA62}.Debug|Any CPU.Build.0 = Debug|Any CPU
		{0454EBCE-084B-41C1-85DE-77DAD9FACA62}.Debug|Mixed Platforms.ActiveCfg = Debug|Any CPU
		{0454EBCE-084B-41C1-85DE-77DAD9FACA62}.Debug|Mixed Platforms.Build.0 = Debug|Any CPU
		{0454EBCE-084B-41C1-85DE-77DAD9FACA62}.Debug|x86.ActiveCfg = Debug|Any CPU
		{0454EBCE-084B-41C1-85DE-77DAD9FACA62}.Debug|x86.Build.0 = Debug|Any CPU
		{0454EBCE-084B-41C1-85DE-77DAD9FACA62}.DVD-5|Any CPU.ActiveCfg = Debug|Any CPU
		{0454EBCE-084B-41C1-85DE-77DAD9FACA62}.DVD-5|Any CPU.Build.0 = Debug|Any CPU
		{0454EBCE-084B-41C1-85DE-77DAD9FACA62}.DVD-5|Mixed Platforms.ActiveCfg = Debug|Any CPU
		{0454EBCE-084B-41C1-85DE-77DAD9FACA62}.DVD-5|Mixed Platforms.Build.0 = Debug|Any CPU
		{0454EBCE-084B-41C1-85DE-77DAD9FACA62}.DVD-5|x86.ActiveCfg = Debug|Any CPU
		{0454EBCE-084B-41C1-85DE-77DAD9FACA62}.DVD-5|x86.Build.0 = Debug|Any CPU
		{0454EBCE-084B-41C1-85DE-77DAD9FACA62}.Release|Any CPU.ActiveCfg = Release|Any CPU
		{0454EBCE-084B-41C1-85DE-77DAD9FACA62}.Release|Any CPU.Build.0 = Release|Any CPU
		{0454EBCE-084B-41C1-85DE-77DAD9FACA62}.Release|Mixed Platforms.ActiveCfg = Release|Any CPU
		{0454EBCE-084B-41C1-85DE-77DAD9FACA62}.Release|Mixed Platforms.Build.0 = Release|Any CPU
		{0454EBCE-084B-41C1-85DE-77DAD9FACA62}.Release|x86.ActiveCfg = Release|Any CPU
		{0454EBCE-084B-41C1-85DE-77DAD9FACA62}.Release|x86.Build.0 = Release|Any CPU
		{0454EBCE-084B-41C1-85DE-77DAD9FACA62}.SingleImage|Any CPU.ActiveCfg = Debug|Any CPU
		{0454EBCE-084B-41C1-85DE-77DAD9FACA62}.SingleImage|Any CPU.Build.0 = Debug|Any CPU
		{0454EBCE-084B-41C1-85DE-77DAD9FACA62}.SingleImage|Mixed Platforms.ActiveCfg = Debug|Any CPU
		{0454EBCE-084B-41C1-85DE-77DAD9FACA62}.SingleImage|Mixed Platforms.Build.0 = Debug|Any CPU
		{0454EBCE-084B-41C1-85DE-77DAD9FACA62}.SingleImage|x86.ActiveCfg = Debug|Any CPU
		{0454EBCE-084B-41C1-85DE-77DAD9FACA62}.SingleImage|x86.Build.0 = Debug|Any CPU
		{0454EBCE-084B-41C1-85DE-77DAD9FACA62}.Tmp|Any CPU.ActiveCfg = Debug|Any CPU
		{0454EBCE-084B-41C1-85DE-77DAD9FACA62}.Tmp|Any CPU.Build.0 = Debug|Any CPU
		{0454EBCE-084B-41C1-85DE-77DAD9FACA62}.Tmp|Mixed Platforms.ActiveCfg = Debug|Any CPU
		{0454EBCE-084B-41C1-85DE-77DAD9FACA62}.Tmp|Mixed Platforms.Build.0 = Debug|Any CPU
		{0454EBCE-084B-41C1-85DE-77DAD9FACA62}.Tmp|x86.ActiveCfg = Debug|Any CPU
		{0454EBCE-084B-41C1-85DE-77DAD9FACA62}.Tmp|x86.Build.0 = Debug|Any CPU
		{3261384C-4B07-497E-BE68-0AE1F8C03755}.CD_ROM|Any CPU.ActiveCfg = Debug|Any CPU
		{3261384C-4B07-497E-BE68-0AE1F8C03755}.CD_ROM|Any CPU.Build.0 = Debug|Any CPU
		{3261384C-4B07-497E-BE68-0AE1F8C03755}.CD_ROM|Mixed Platforms.ActiveCfg = Debug|Any CPU
		{3261384C-4B07-497E-BE68-0AE1F8C03755}.CD_ROM|Mixed Platforms.Build.0 = Debug|Any CPU
		{3261384C-4B07-497E-BE68-0AE1F8C03755}.CD_ROM|x86.ActiveCfg = Debug|Any CPU
		{3261384C-4B07-497E-BE68-0AE1F8C03755}.CD_ROM|x86.Build.0 = Debug|Any CPU
		{3261384C-4B07-497E-BE68-0AE1F8C03755}.Debug|Any CPU.ActiveCfg = Debug|Any CPU
		{3261384C-4B07-497E-BE68-0AE1F8C03755}.Debug|Any CPU.Build.0 = Debug|Any CPU
		{3261384C-4B07-497E-BE68-0AE1F8C03755}.Debug|Mixed Platforms.ActiveCfg = Debug|Any CPU
		{3261384C-4B07-497E-BE68-0AE1F8C03755}.Debug|Mixed Platforms.Build.0 = Debug|Any CPU
		{3261384C-4B07-497E-BE68-0AE1F8C03755}.Debug|x86.ActiveCfg = Debug|Any CPU
		{3261384C-4B07-497E-BE68-0AE1F8C03755}.Debug|x86.Build.0 = Debug|Any CPU
		{3261384C-4B07-497E-BE68-0AE1F8C03755}.DVD-5|Any CPU.ActiveCfg = Debug|Any CPU
		{3261384C-4B07-497E-BE68-0AE1F8C03755}.DVD-5|Any CPU.Build.0 = Debug|Any CPU
		{3261384C-4B07-497E-BE68-0AE1F8C03755}.DVD-5|Mixed Platforms.ActiveCfg = Debug|Any CPU
		{3261384C-4B07-497E-BE68-0AE1F8C03755}.DVD-5|Mixed Platforms.Build.0 = Debug|Any CPU
		{3261384C-4B07-497E-BE68-0AE1F8C03755}.DVD-5|x86.ActiveCfg = Debug|Any CPU
		{3261384C-4B07-497E-BE68-0AE1F8C03755}.DVD-5|x86.Build.0 = Debug|Any CPU
		{3261384C-4B07-497E-BE68-0AE1F8C03755}.Release|Any CPU.ActiveCfg = Release|Any CPU
		{3261384C-4B07-497E-BE68-0AE1F8C03755}.Release|Any CPU.Build.0 = Release|Any CPU
		{3261384C-4B07-497E-BE68-0AE1F8C03755}.Release|Mixed Platforms.ActiveCfg = Release|Any CPU
		{3261384C-4B07-497E-BE68-0AE1F8C03755}.Release|Mixed Platforms.Build.0 = Release|Any CPU
		{3261384C-4B07-497E-BE68-0AE1F8C03755}.Release|x86.ActiveCfg = Release|Any CPU
		{3261384C-4B07-497E-BE68-0AE1F8C03755}.Release|x86.Build.0 = Release|Any CPU
		{3261384C-4B07-497E-BE68-0AE1F8C03755}.SingleImage|Any CPU.ActiveCfg = Debug|Any CPU
		{3261384C-4B07-497E-BE68-0AE1F8C03755}.SingleImage|Any CPU.Build.0 = Debug|Any CPU
		{3261384C-4B07-497E-BE68-0AE1F8C03755}.SingleImage|Mixed Platforms.ActiveCfg = Debug|Any CPU
		{3261384C-4B07-497E-BE68-0AE1F8C03755}.SingleImage|Mixed Platforms.Build.0 = Debug|Any CPU
		{3261384C-4B07-497E-BE68-0AE1F8C03755}.SingleImage|x86.ActiveCfg = Debug|Any CPU
		{3261384C-4B07-497E-BE68-0AE1F8C03755}.SingleImage|x86.Build.0 = Debug|Any CPU
		{3261384C-4B07-497E-BE68-0AE1F8C03755}.Tmp|Any CPU.ActiveCfg = Debug|Any CPU
		{3261384C-4B07-497E-BE68-0AE1F8C03755}.Tmp|Any CPU.Build.0 = Debug|Any CPU
		{3261384C-4B07-497E-BE68-0AE1F8C03755}.Tmp|Mixed Platforms.ActiveCfg = Debug|Any CPU
		{3261384C-4B07-497E-BE68-0AE1F8C03755}.Tmp|Mixed Platforms.Build.0 = Debug|Any CPU
		{3261384C-4B07-497E-BE68-0AE1F8C03755}.Tmp|x86.ActiveCfg = Debug|Any CPU
		{3261384C-4B07-497E-BE68-0AE1F8C03755}.Tmp|x86.Build.0 = Debug|Any CPU
		{3B59D154-A891-4741-A18D-4F4BC5CA3A52}.CD_ROM|Any CPU.ActiveCfg = Debug|Any CPU
		{3B59D154-A891-4741-A18D-4F4BC5CA3A52}.CD_ROM|Any CPU.Build.0 = Debug|Any CPU
		{3B59D154-A891-4741-A18D-4F4BC5CA3A52}.CD_ROM|Mixed Platforms.ActiveCfg = Debug|Any CPU
		{3B59D154-A891-4741-A18D-4F4BC5CA3A52}.CD_ROM|Mixed Platforms.Build.0 = Debug|Any CPU
		{3B59D154-A891-4741-A18D-4F4BC5CA3A52}.CD_ROM|x86.ActiveCfg = Debug|Any CPU
		{3B59D154-A891-4741-A18D-4F4BC5CA3A52}.CD_ROM|x86.Build.0 = Debug|Any CPU
		{3B59D154-A891-4741-A18D-4F4BC5CA3A52}.Debug|Any CPU.ActiveCfg = Debug|Any CPU
		{3B59D154-A891-4741-A18D-4F4BC5CA3A52}.Debug|Any CPU.Build.0 = Debug|Any CPU
		{3B59D154-A891-4741-A18D-4F4BC5CA3A52}.Debug|Mixed Platforms.ActiveCfg = Debug|Any CPU
		{3B59D154-A891-4741-A18D-4F4BC5CA3A52}.Debug|Mixed Platforms.Build.0 = Debug|Any CPU
		{3B59D154-A891-4741-A18D-4F4BC5CA3A52}.Debug|x86.ActiveCfg = Debug|Any CPU
		{3B59D154-A891-4741-A18D-4F4BC5CA3A52}.Debug|x86.Build.0 = Debug|Any CPU
		{3B59D154-A891-4741-A18D-4F4BC5CA3A52}.DVD-5|Any CPU.ActiveCfg = Debug|Any CPU
		{3B59D154-A891-4741-A18D-4F4BC5CA3A52}.DVD-5|Any CPU.Build.0 = Debug|Any CPU
		{3B59D154-A891-4741-A18D-4F4BC5CA3A52}.DVD-5|Mixed Platforms.ActiveCfg = Debug|Any CPU
		{3B59D154-A891-4741-A18D-4F4BC5CA3A52}.DVD-5|Mixed Platforms.Build.0 = Debug|Any CPU
		{3B59D154-A891-4741-A18D-4F4BC5CA3A52}.DVD-5|x86.ActiveCfg = Debug|Any CPU
		{3B59D154-A891-4741-A18D-4F4BC5CA3A52}.DVD-5|x86.Build.0 = Debug|Any CPU
		{3B59D154-A891-4741-A18D-4F4BC5CA3A52}.Release|Any CPU.ActiveCfg = Release|Any CPU
		{3B59D154-A891-4741-A18D-4F4BC5CA3A52}.Release|Any CPU.Build.0 = Release|Any CPU
		{3B59D154-A891-4741-A18D-4F4BC5CA3A52}.Release|Mixed Platforms.ActiveCfg = Release|Any CPU
		{3B59D154-A891-4741-A18D-4F4BC5CA3A52}.Release|Mixed Platforms.Build.0 = Release|Any CPU
		{3B59D154-A891-4741-A18D-4F4BC5CA3A52}.Release|x86.ActiveCfg = Release|Any CPU
		{3B59D154-A891-4741-A18D-4F4BC5CA3A52}.Release|x86.Build.0 = Release|Any CPU
		{3B59D154-A891-4741-A18D-4F4BC5CA3A52}.SingleImage|Any CPU.ActiveCfg = Debug|Any CPU
		{3B59D154-A891-4741-A18D-4F4BC5CA3A52}.SingleImage|Any CPU.Build.0 = Debug|Any CPU
		{3B59D154-A891-4741-A18D-4F4BC5CA3A52}.SingleImage|Mixed Platforms.ActiveCfg = Debug|Any CPU
		{3B59D154-A891-4741-A18D-4F4BC5CA3A52}.SingleImage|Mixed Platforms.Build.0 = Debug|Any CPU
		{3B59D154-A891-4741-A18D-4F4BC5CA3A52}.SingleImage|x86.ActiveCfg = Debug|Any CPU
		{3B59D154-A891-4741-A18D-4F4BC5CA3A52}.SingleImage|x86.Build.0 = Debug|Any CPU
		{3B59D154-A891-4741-A18D-4F4BC5CA3A52}.Tmp|Any CPU.ActiveCfg = Debug|Any CPU
		{3B59D154-A891-4741-A18D-4F4BC5CA3A52}.Tmp|Any CPU.Build.0 = Debug|Any CPU
		{3B59D154-A891-4741-A18D-4F4BC5CA3A52}.Tmp|Mixed Platforms.ActiveCfg = Debug|Any CPU
		{3B59D154-A891-4741-A18D-4F4BC5CA3A52}.Tmp|Mixed Platforms.Build.0 = Debug|Any CPU
		{3B59D154-A891-4741-A18D-4F4BC5CA3A52}.Tmp|x86.ActiveCfg = Debug|Any CPU
		{3B59D154-A891-4741-A18D-4F4BC5CA3A52}.Tmp|x86.Build.0 = Debug|Any CPU
	EndGlobalSection
	GlobalSection(SolutionProperties) = preSolution
		HideSolutionNode = FALSE
	EndGlobalSection
	GlobalSection(TestCaseManagementSettings) = postSolution
		CategoryFile = BJD1.vsmdi
	EndGlobalSection
EndGlobal
