
Microsoft Visual Studio Solution File, Format Version 12.00
# Visual Studio 15
VisualStudioVersion = 15.0.26430.6
MinimumVisualStudioVersion = 10.0.40219.1
Project("{2150E333-8FDC-42A3-9474-1A3956D46DE8}") = "Solution Items", "Solution Items", "{E4E14581-EEDC-4FE1-BBF9-ABF8ED910C43}"
	ProjectSection(SolutionItems) = preProject
		.gitignore = .gitignore
		build.sh = build.sh
		Dockerfile = Dockerfile
		init.sh = init.sh
		MyGet.bat = MyGet.bat
		pre-MyGet.bat = pre-MyGet.bat
		publish.sh = publish.sh
		README.md = README.md
		run.sh = run.sh
	EndProjectSection
EndProject
Project("{2150E333-8FDC-42A3-9474-1A3956D46DE8}") = "portable", "portable", "{A25A2CA1-32E6-4441-960D-4E02E423A3DE}"
	ProjectSection(SolutionItems) = preProject
		Dockerfile-portable\Dockerfile = Dockerfile-portable\Dockerfile
	EndProjectSection
EndProject
Project("{9A19103F-16F7-4668-BE54-9A1E7A4F7556}") = "Bjd.Common", "Bjd.Common\Bjd.Common.csproj", "{FD60F58F-CEEC-47BC-BC49-21EFAB124E94}"
EndProject
Project("{9A19103F-16F7-4668-BE54-9A1E7A4F7556}") = "Bjd.Common.Test", "Bjd.Common.Test\Bjd.Common.Test.csproj", "{BAD57CE8-6760-44FC-AB17-FD290E60E00E}"
EndProject
Project("{9A19103F-16F7-4668-BE54-9A1E7A4F7556}") = "Bjd.Console", "Bjd.Console\Bjd.Console.csproj", "{541A7C75-73F0-410F-B789-837F68099743}"
EndProject
Project("{9A19103F-16F7-4668-BE54-9A1E7A4F7556}") = "Bjd.DhcpServer", "Bjd.DhcpServer\Bjd.DhcpServer.csproj", "{6DC36F8C-6B43-4EFF-A271-75635F38067E}"
EndProject
Project("{9A19103F-16F7-4668-BE54-9A1E7A4F7556}") = "Bjd.DhcpServer.Test", "Bjd.DhcpServer.Test\Bjd.DhcpServer.Test.csproj", "{58F4F99B-0AAD-420D-8CC5-954F2CCA7920}"
EndProject
Project("{9A19103F-16F7-4668-BE54-9A1E7A4F7556}") = "Bjd.DnsServer", "Bjd.DnsServer\Bjd.DnsServer.csproj", "{CE888934-9696-4533-AAF8-3DE2097BC9C9}"
EndProject
Project("{9A19103F-16F7-4668-BE54-9A1E7A4F7556}") = "Bjd.DnsServer.Test", "Bjd.DnsServer.Test\Bjd.DnsServer.Test.csproj", "{99DE7772-62C8-4925-9DC9-D1396F42EB4A}"
EndProject
Project("{9A19103F-16F7-4668-BE54-9A1E7A4F7556}") = "Bjd.FtpServer", "Bjd.FtpServer\Bjd.FtpServer.csproj", "{D2624908-9F69-44B0-BDC9-DC6979DEC3F0}"
EndProject
Project("{9A19103F-16F7-4668-BE54-9A1E7A4F7556}") = "Bjd.FtpServer.Test", "Bjd.FtpServer.Test\Bjd.FtpServer.Test.csproj", "{1CD6E9FC-872E-4D8C-A99D-712D302F6366}"
EndProject
Project("{9A19103F-16F7-4668-BE54-9A1E7A4F7556}") = "Bjd.Pop3Server", "Bjd.Pop3Server\Bjd.Pop3Server.csproj", "{EE50A15F-D63C-4A66-AD40-712503D02DB1}"
EndProject
Project("{9A19103F-16F7-4668-BE54-9A1E7A4F7556}") = "Bjd.Pop3Server.Test", "Bjd.Pop3Server.Test\Bjd.Pop3Server.Test.csproj", "{E5E75F07-F214-42DF-A3D8-E3EB76202D7A}"
EndProject
Project("{9A19103F-16F7-4668-BE54-9A1E7A4F7556}") = "Bjd.WebServer.Test", "Bjd.WebServer.Test\Bjd.WebServer.Test.csproj", "{399AC7B6-114D-41EA-BB85-CE7CF870CC8D}"
EndProject
Project("{9A19103F-16F7-4668-BE54-9A1E7A4F7556}") = "Bjd.WebServer", "Bjd.WebServer\Bjd.WebServer.csproj", "{3E4B63B6-2599-45D0-8B12-2BAC61AF97FE}"
EndProject
Project("{9A19103F-16F7-4668-BE54-9A1E7A4F7556}") = "Bjd.WebApiServer.Test", "Bjd.WebApiServer.Test\Bjd.WebApiServer.Test.csproj", "{47E40036-9A5B-48C0-A7E5-AB8852A980D0}"
EndProject
Project("{9A19103F-16F7-4668-BE54-9A1E7A4F7556}") = "Bjd.WebApiServer", "Bjd.WebApiServer\Bjd.WebApiServer.csproj", "{CDAAA8AE-57F4-4458-AA9C-0B87477E9BB6}"
EndProject
Project("{9A19103F-16F7-4668-BE54-9A1E7A4F7556}") = "Bjd.TunnelServer", "Bjd.TunnelServer\Bjd.TunnelServer.csproj", "{B8D9C17C-C17F-424F-83E1-BBB540D4FD6E}"
EndProject
Project("{9A19103F-16F7-4668-BE54-9A1E7A4F7556}") = "Bjd.TftpServer", "Bjd.TftpServer\Bjd.TftpServer.csproj", "{09F70D4C-6031-44CF-8B62-9D552A6A80B0}"
EndProject
Project("{9A19103F-16F7-4668-BE54-9A1E7A4F7556}") = "Bjd.Startup.Test", "Bjd.Startup.Test\Bjd.Startup.Test.csproj", "{C6956DFF-DAB9-4ABF-8B16-1EE9D5356BCB}"
EndProject
Project("{9A19103F-16F7-4668-BE54-9A1E7A4F7556}") = "Bjd.Startup", "Bjd.Startup\Bjd.Startup.csproj", "{2AE59EE8-9202-4426-9EC3-73CDDE41BF7B}"
	ProjectSection(ProjectDependencies) = postProject
		{0183C0B5-E528-46FA-BF58-77CD83DA4CE0} = {0183C0B5-E528-46FA-BF58-77CD83DA4CE0}
	EndProjectSection
EndProject
Project("{9A19103F-16F7-4668-BE54-9A1E7A4F7556}") = "Bjd.SmtpServer.Test", "Bjd.SmtpServer.Test\Bjd.SmtpServer.Test.csproj", "{F673FDF1-1BD9-45BB-8D47-F89425627EEE}"
EndProject
Project("{9A19103F-16F7-4668-BE54-9A1E7A4F7556}") = "Bjd.SmtpServer", "Bjd.SmtpServer\Bjd.SmtpServer.csproj", "{1DD6A3F1-8A8F-46B4-A116-5AA1112CF31D}"
EndProject
Project("{9A19103F-16F7-4668-BE54-9A1E7A4F7556}") = "Bjd.SipServer.Test", "Bjd.SipServer.Test\Bjd.SipServer.Test.csproj", "{06C756C3-E1A2-43A5-9665-3207F6968F10}"
EndProject
Project("{9A19103F-16F7-4668-BE54-9A1E7A4F7556}") = "Bjd.SipServer", "Bjd.SipServer\Bjd.SipServer.csproj", "{EE672FB6-1754-4D31-8858-E062AEC26D9A}"
EndProject
Project("{9A19103F-16F7-4668-BE54-9A1E7A4F7556}") = "Bjd.RemoteServer", "Bjd.RemoteServer\Bjd.RemoteServer.csproj", "{D96B409F-E62C-4353-8853-A83344560B09}"
EndProject
Project("{9A19103F-16F7-4668-BE54-9A1E7A4F7556}") = "Bjd.ProxyTelnetServer", "Bjd.ProxyTelnetServer\Bjd.ProxyTelnetServer.csproj", "{FE7AB932-F3EB-4A03-A2BF-DE406EC7F788}"
EndProject
Project("{9A19103F-16F7-4668-BE54-9A1E7A4F7556}") = "Bjd.ProxySmtpServer", "Bjd.ProxySmtpServer\Bjd.ProxySmtpServer.csproj", "{6EBBC316-282F-4D6F-9E28-32EBDEF99DD7}"
EndProject
Project("{9A19103F-16F7-4668-BE54-9A1E7A4F7556}") = "Bjd.ProxyPop3Server", "Bjd.ProxyPop3Server\Bjd.ProxyPop3Server.csproj", "{25C8E2FE-82FF-4172-A318-02831BCA8C96}"
EndProject
Project("{9A19103F-16F7-4668-BE54-9A1E7A4F7556}") = "Bjd.ProxyPop3Server.Test", "Bjd.ProxyPop3Server.Test\Bjd.ProxyPop3Server.Test.csproj", "{5C101C6B-7124-4A48-9205-CB0C68A3CA14}"
EndProject
Project("{9A19103F-16F7-4668-BE54-9A1E7A4F7556}") = "Bjd.ProxyHttpServer", "Bjd.ProxyHttpServer\Bjd.ProxyHttpServer.csproj", "{60D80FFF-B701-4B82-AE09-E30C0D07832A}"
EndProject
Project("{9A19103F-16F7-4668-BE54-9A1E7A4F7556}") = "Bjd.ProxyHttpServer.Test", "Bjd.ProxyHttpServer.Test\Bjd.ProxyHttpServer.Test.csproj", "{9AAF39C8-484B-49E1-9C67-C3A4440EA528}"
EndProject
Project("{9A19103F-16F7-4668-BE54-9A1E7A4F7556}") = "Bjd.ProxyFtpServer", "Bjd.ProxyFtpServer\Bjd.ProxyFtpServer.csproj", "{8A95962D-5889-4BB6-88A3-C3987236FBE6}"
EndProject
Project("{9A19103F-16F7-4668-BE54-9A1E7A4F7556}") = "Bjd.Mailbox", "Bjd.Mailbox\Bjd.Mailbox.csproj", "{0183C0B5-E528-46FA-BF58-77CD83DA4CE0}"
EndProject
Project("{9A19103F-16F7-4668-BE54-9A1E7A4F7556}") = "Bjd.Mailbox.Test", "Bjd.Mailbox.Test\Bjd.Mailbox.Test.csproj", "{E947AAE8-A454-44FF-A4BA-A3721A4D809B}"
EndProject
Global
	GlobalSection(Performance) = preSolution
		HasPerformanceSessions = true
	EndGlobalSection
	GlobalSection(SolutionConfigurationPlatforms) = preSolution
		Debug|Any CPU = Debug|Any CPU
		Release|Any CPU = Release|Any CPU
	EndGlobalSection
	GlobalSection(ProjectConfigurationPlatforms) = postSolution
		{FD60F58F-CEEC-47BC-BC49-21EFAB124E94}.Debug|Any CPU.ActiveCfg = Debug|Any CPU
		{FD60F58F-CEEC-47BC-BC49-21EFAB124E94}.Debug|Any CPU.Build.0 = Debug|Any CPU
		{FD60F58F-CEEC-47BC-BC49-21EFAB124E94}.Release|Any CPU.ActiveCfg = Release|Any CPU
		{FD60F58F-CEEC-47BC-BC49-21EFAB124E94}.Release|Any CPU.Build.0 = Release|Any CPU
		{BAD57CE8-6760-44FC-AB17-FD290E60E00E}.Debug|Any CPU.ActiveCfg = Debug|Any CPU
		{BAD57CE8-6760-44FC-AB17-FD290E60E00E}.Debug|Any CPU.Build.0 = Debug|Any CPU
		{BAD57CE8-6760-44FC-AB17-FD290E60E00E}.Release|Any CPU.ActiveCfg = Release|Any CPU
		{BAD57CE8-6760-44FC-AB17-FD290E60E00E}.Release|Any CPU.Build.0 = Release|Any CPU
		{541A7C75-73F0-410F-B789-837F68099743}.Debug|Any CPU.ActiveCfg = Debug|Any CPU
		{541A7C75-73F0-410F-B789-837F68099743}.Debug|Any CPU.Build.0 = Debug|Any CPU
		{541A7C75-73F0-410F-B789-837F68099743}.Release|Any CPU.ActiveCfg = Release|Any CPU
		{541A7C75-73F0-410F-B789-837F68099743}.Release|Any CPU.Build.0 = Release|Any CPU
		{6DC36F8C-6B43-4EFF-A271-75635F38067E}.Debug|Any CPU.ActiveCfg = Debug|Any CPU
		{6DC36F8C-6B43-4EFF-A271-75635F38067E}.Debug|Any CPU.Build.0 = Debug|Any CPU
		{6DC36F8C-6B43-4EFF-A271-75635F38067E}.Release|Any CPU.ActiveCfg = Release|Any CPU
		{6DC36F8C-6B43-4EFF-A271-75635F38067E}.Release|Any CPU.Build.0 = Release|Any CPU
		{58F4F99B-0AAD-420D-8CC5-954F2CCA7920}.Debug|Any CPU.ActiveCfg = Debug|Any CPU
		{58F4F99B-0AAD-420D-8CC5-954F2CCA7920}.Debug|Any CPU.Build.0 = Debug|Any CPU
		{58F4F99B-0AAD-420D-8CC5-954F2CCA7920}.Release|Any CPU.ActiveCfg = Release|Any CPU
		{58F4F99B-0AAD-420D-8CC5-954F2CCA7920}.Release|Any CPU.Build.0 = Release|Any CPU
		{CE888934-9696-4533-AAF8-3DE2097BC9C9}.Debug|Any CPU.ActiveCfg = Debug|Any CPU
		{CE888934-9696-4533-AAF8-3DE2097BC9C9}.Debug|Any CPU.Build.0 = Debug|Any CPU
		{CE888934-9696-4533-AAF8-3DE2097BC9C9}.Release|Any CPU.ActiveCfg = Release|Any CPU
		{CE888934-9696-4533-AAF8-3DE2097BC9C9}.Release|Any CPU.Build.0 = Release|Any CPU
		{99DE7772-62C8-4925-9DC9-D1396F42EB4A}.Debug|Any CPU.ActiveCfg = Debug|Any CPU
		{99DE7772-62C8-4925-9DC9-D1396F42EB4A}.Debug|Any CPU.Build.0 = Debug|Any CPU
		{99DE7772-62C8-4925-9DC9-D1396F42EB4A}.Release|Any CPU.ActiveCfg = Release|Any CPU
		{99DE7772-62C8-4925-9DC9-D1396F42EB4A}.Release|Any CPU.Build.0 = Release|Any CPU
		{D2624908-9F69-44B0-BDC9-DC6979DEC3F0}.Debug|Any CPU.ActiveCfg = Debug|Any CPU
		{D2624908-9F69-44B0-BDC9-DC6979DEC3F0}.Debug|Any CPU.Build.0 = Debug|Any CPU
		{D2624908-9F69-44B0-BDC9-DC6979DEC3F0}.Release|Any CPU.ActiveCfg = Release|Any CPU
		{D2624908-9F69-44B0-BDC9-DC6979DEC3F0}.Release|Any CPU.Build.0 = Release|Any CPU
		{1CD6E9FC-872E-4D8C-A99D-712D302F6366}.Debug|Any CPU.ActiveCfg = Debug|Any CPU
		{1CD6E9FC-872E-4D8C-A99D-712D302F6366}.Debug|Any CPU.Build.0 = Debug|Any CPU
		{1CD6E9FC-872E-4D8C-A99D-712D302F6366}.Release|Any CPU.ActiveCfg = Release|Any CPU
		{1CD6E9FC-872E-4D8C-A99D-712D302F6366}.Release|Any CPU.Build.0 = Release|Any CPU
		{EE50A15F-D63C-4A66-AD40-712503D02DB1}.Debug|Any CPU.ActiveCfg = Debug|Any CPU
		{EE50A15F-D63C-4A66-AD40-712503D02DB1}.Debug|Any CPU.Build.0 = Debug|Any CPU
		{EE50A15F-D63C-4A66-AD40-712503D02DB1}.Release|Any CPU.ActiveCfg = Release|Any CPU
		{EE50A15F-D63C-4A66-AD40-712503D02DB1}.Release|Any CPU.Build.0 = Release|Any CPU
		{E5E75F07-F214-42DF-A3D8-E3EB76202D7A}.Debug|Any CPU.ActiveCfg = Debug|Any CPU
		{E5E75F07-F214-42DF-A3D8-E3EB76202D7A}.Debug|Any CPU.Build.0 = Debug|Any CPU
		{E5E75F07-F214-42DF-A3D8-E3EB76202D7A}.Release|Any CPU.ActiveCfg = Release|Any CPU
		{E5E75F07-F214-42DF-A3D8-E3EB76202D7A}.Release|Any CPU.Build.0 = Release|Any CPU
		{399AC7B6-114D-41EA-BB85-CE7CF870CC8D}.Debug|Any CPU.ActiveCfg = Debug|Any CPU
		{399AC7B6-114D-41EA-BB85-CE7CF870CC8D}.Debug|Any CPU.Build.0 = Debug|Any CPU
		{399AC7B6-114D-41EA-BB85-CE7CF870CC8D}.Release|Any CPU.ActiveCfg = Release|Any CPU
		{399AC7B6-114D-41EA-BB85-CE7CF870CC8D}.Release|Any CPU.Build.0 = Release|Any CPU
		{3E4B63B6-2599-45D0-8B12-2BAC61AF97FE}.Debug|Any CPU.ActiveCfg = Debug|Any CPU
		{3E4B63B6-2599-45D0-8B12-2BAC61AF97FE}.Debug|Any CPU.Build.0 = Debug|Any CPU
		{3E4B63B6-2599-45D0-8B12-2BAC61AF97FE}.Release|Any CPU.ActiveCfg = Release|Any CPU
		{3E4B63B6-2599-45D0-8B12-2BAC61AF97FE}.Release|Any CPU.Build.0 = Release|Any CPU
		{47E40036-9A5B-48C0-A7E5-AB8852A980D0}.Debug|Any CPU.ActiveCfg = Debug|Any CPU
		{47E40036-9A5B-48C0-A7E5-AB8852A980D0}.Debug|Any CPU.Build.0 = Debug|Any CPU
		{47E40036-9A5B-48C0-A7E5-AB8852A980D0}.Release|Any CPU.ActiveCfg = Release|Any CPU
		{47E40036-9A5B-48C0-A7E5-AB8852A980D0}.Release|Any CPU.Build.0 = Release|Any CPU
		{CDAAA8AE-57F4-4458-AA9C-0B87477E9BB6}.Debug|Any CPU.ActiveCfg = Debug|Any CPU
		{CDAAA8AE-57F4-4458-AA9C-0B87477E9BB6}.Debug|Any CPU.Build.0 = Debug|Any CPU
		{CDAAA8AE-57F4-4458-AA9C-0B87477E9BB6}.Release|Any CPU.ActiveCfg = Release|Any CPU
		{CDAAA8AE-57F4-4458-AA9C-0B87477E9BB6}.Release|Any CPU.Build.0 = Release|Any CPU
		{B8D9C17C-C17F-424F-83E1-BBB540D4FD6E}.Debug|Any CPU.ActiveCfg = Debug|Any CPU
		{B8D9C17C-C17F-424F-83E1-BBB540D4FD6E}.Debug|Any CPU.Build.0 = Debug|Any CPU
		{B8D9C17C-C17F-424F-83E1-BBB540D4FD6E}.Release|Any CPU.ActiveCfg = Release|Any CPU
		{B8D9C17C-C17F-424F-83E1-BBB540D4FD6E}.Release|Any CPU.Build.0 = Release|Any CPU
		{09F70D4C-6031-44CF-8B62-9D552A6A80B0}.Debug|Any CPU.ActiveCfg = Debug|Any CPU
		{09F70D4C-6031-44CF-8B62-9D552A6A80B0}.Debug|Any CPU.Build.0 = Debug|Any CPU
		{09F70D4C-6031-44CF-8B62-9D552A6A80B0}.Release|Any CPU.ActiveCfg = Release|Any CPU
		{09F70D4C-6031-44CF-8B62-9D552A6A80B0}.Release|Any CPU.Build.0 = Release|Any CPU
		{C6956DFF-DAB9-4ABF-8B16-1EE9D5356BCB}.Debug|Any CPU.ActiveCfg = Debug|Any CPU
		{C6956DFF-DAB9-4ABF-8B16-1EE9D5356BCB}.Debug|Any CPU.Build.0 = Debug|Any CPU
		{C6956DFF-DAB9-4ABF-8B16-1EE9D5356BCB}.Release|Any CPU.ActiveCfg = Release|Any CPU
		{C6956DFF-DAB9-4ABF-8B16-1EE9D5356BCB}.Release|Any CPU.Build.0 = Release|Any CPU
		{2AE59EE8-9202-4426-9EC3-73CDDE41BF7B}.Debug|Any CPU.ActiveCfg = Debug|Any CPU
		{2AE59EE8-9202-4426-9EC3-73CDDE41BF7B}.Debug|Any CPU.Build.0 = Debug|Any CPU
		{2AE59EE8-9202-4426-9EC3-73CDDE41BF7B}.Release|Any CPU.ActiveCfg = Release|Any CPU
		{2AE59EE8-9202-4426-9EC3-73CDDE41BF7B}.Release|Any CPU.Build.0 = Release|Any CPU
		{F673FDF1-1BD9-45BB-8D47-F89425627EEE}.Debug|Any CPU.ActiveCfg = Debug|Any CPU
		{F673FDF1-1BD9-45BB-8D47-F89425627EEE}.Debug|Any CPU.Build.0 = Debug|Any CPU
		{F673FDF1-1BD9-45BB-8D47-F89425627EEE}.Release|Any CPU.ActiveCfg = Release|Any CPU
		{F673FDF1-1BD9-45BB-8D47-F89425627EEE}.Release|Any CPU.Build.0 = Release|Any CPU
		{1DD6A3F1-8A8F-46B4-A116-5AA1112CF31D}.Debug|Any CPU.ActiveCfg = Debug|Any CPU
		{1DD6A3F1-8A8F-46B4-A116-5AA1112CF31D}.Debug|Any CPU.Build.0 = Debug|Any CPU
		{1DD6A3F1-8A8F-46B4-A116-5AA1112CF31D}.Release|Any CPU.ActiveCfg = Release|Any CPU
		{1DD6A3F1-8A8F-46B4-A116-5AA1112CF31D}.Release|Any CPU.Build.0 = Release|Any CPU
		{06C756C3-E1A2-43A5-9665-3207F6968F10}.Debug|Any CPU.ActiveCfg = Debug|Any CPU
		{06C756C3-E1A2-43A5-9665-3207F6968F10}.Debug|Any CPU.Build.0 = Debug|Any CPU
		{06C756C3-E1A2-43A5-9665-3207F6968F10}.Release|Any CPU.ActiveCfg = Release|Any CPU
		{06C756C3-E1A2-43A5-9665-3207F6968F10}.Release|Any CPU.Build.0 = Release|Any CPU
		{EE672FB6-1754-4D31-8858-E062AEC26D9A}.Debug|Any CPU.ActiveCfg = Debug|Any CPU
		{EE672FB6-1754-4D31-8858-E062AEC26D9A}.Debug|Any CPU.Build.0 = Debug|Any CPU
		{EE672FB6-1754-4D31-8858-E062AEC26D9A}.Release|Any CPU.ActiveCfg = Release|Any CPU
		{EE672FB6-1754-4D31-8858-E062AEC26D9A}.Release|Any CPU.Build.0 = Release|Any CPU
		{D96B409F-E62C-4353-8853-A83344560B09}.Debug|Any CPU.ActiveCfg = Debug|Any CPU
		{D96B409F-E62C-4353-8853-A83344560B09}.Debug|Any CPU.Build.0 = Debug|Any CPU
		{D96B409F-E62C-4353-8853-A83344560B09}.Release|Any CPU.ActiveCfg = Release|Any CPU
		{D96B409F-E62C-4353-8853-A83344560B09}.Release|Any CPU.Build.0 = Release|Any CPU
		{FE7AB932-F3EB-4A03-A2BF-DE406EC7F788}.Debug|Any CPU.ActiveCfg = Debug|Any CPU
		{FE7AB932-F3EB-4A03-A2BF-DE406EC7F788}.Debug|Any CPU.Build.0 = Debug|Any CPU
		{FE7AB932-F3EB-4A03-A2BF-DE406EC7F788}.Release|Any CPU.ActiveCfg = Release|Any CPU
		{FE7AB932-F3EB-4A03-A2BF-DE406EC7F788}.Release|Any CPU.Build.0 = Release|Any CPU
		{6EBBC316-282F-4D6F-9E28-32EBDEF99DD7}.Debug|Any CPU.ActiveCfg = Debug|Any CPU
		{6EBBC316-282F-4D6F-9E28-32EBDEF99DD7}.Debug|Any CPU.Build.0 = Debug|Any CPU
		{6EBBC316-282F-4D6F-9E28-32EBDEF99DD7}.Release|Any CPU.ActiveCfg = Release|Any CPU
		{6EBBC316-282F-4D6F-9E28-32EBDEF99DD7}.Release|Any CPU.Build.0 = Release|Any CPU
		{25C8E2FE-82FF-4172-A318-02831BCA8C96}.Debug|Any CPU.ActiveCfg = Debug|Any CPU
		{25C8E2FE-82FF-4172-A318-02831BCA8C96}.Debug|Any CPU.Build.0 = Debug|Any CPU
		{25C8E2FE-82FF-4172-A318-02831BCA8C96}.Release|Any CPU.ActiveCfg = Release|Any CPU
		{25C8E2FE-82FF-4172-A318-02831BCA8C96}.Release|Any CPU.Build.0 = Release|Any CPU
		{5C101C6B-7124-4A48-9205-CB0C68A3CA14}.Debug|Any CPU.ActiveCfg = Debug|Any CPU
		{5C101C6B-7124-4A48-9205-CB0C68A3CA14}.Debug|Any CPU.Build.0 = Debug|Any CPU
		{5C101C6B-7124-4A48-9205-CB0C68A3CA14}.Release|Any CPU.ActiveCfg = Release|Any CPU
		{5C101C6B-7124-4A48-9205-CB0C68A3CA14}.Release|Any CPU.Build.0 = Release|Any CPU
		{60D80FFF-B701-4B82-AE09-E30C0D07832A}.Debug|Any CPU.ActiveCfg = Debug|Any CPU
		{60D80FFF-B701-4B82-AE09-E30C0D07832A}.Debug|Any CPU.Build.0 = Debug|Any CPU
		{60D80FFF-B701-4B82-AE09-E30C0D07832A}.Release|Any CPU.ActiveCfg = Release|Any CPU
		{60D80FFF-B701-4B82-AE09-E30C0D07832A}.Release|Any CPU.Build.0 = Release|Any CPU
		{9AAF39C8-484B-49E1-9C67-C3A4440EA528}.Debug|Any CPU.ActiveCfg = Debug|Any CPU
		{9AAF39C8-484B-49E1-9C67-C3A4440EA528}.Debug|Any CPU.Build.0 = Debug|Any CPU
		{9AAF39C8-484B-49E1-9C67-C3A4440EA528}.Release|Any CPU.ActiveCfg = Release|Any CPU
		{9AAF39C8-484B-49E1-9C67-C3A4440EA528}.Release|Any CPU.Build.0 = Release|Any CPU
		{8A95962D-5889-4BB6-88A3-C3987236FBE6}.Debug|Any CPU.ActiveCfg = Debug|Any CPU
		{8A95962D-5889-4BB6-88A3-C3987236FBE6}.Debug|Any CPU.Build.0 = Debug|Any CPU
		{8A95962D-5889-4BB6-88A3-C3987236FBE6}.Release|Any CPU.ActiveCfg = Release|Any CPU
		{8A95962D-5889-4BB6-88A3-C3987236FBE6}.Release|Any CPU.Build.0 = Release|Any CPU
		{0183C0B5-E528-46FA-BF58-77CD83DA4CE0}.Debug|Any CPU.ActiveCfg = Debug|Any CPU
		{0183C0B5-E528-46FA-BF58-77CD83DA4CE0}.Debug|Any CPU.Build.0 = Debug|Any CPU
		{0183C0B5-E528-46FA-BF58-77CD83DA4CE0}.Release|Any CPU.ActiveCfg = Release|Any CPU
		{0183C0B5-E528-46FA-BF58-77CD83DA4CE0}.Release|Any CPU.Build.0 = Release|Any CPU
		{E947AAE8-A454-44FF-A4BA-A3721A4D809B}.Debug|Any CPU.ActiveCfg = Debug|Any CPU
		{E947AAE8-A454-44FF-A4BA-A3721A4D809B}.Debug|Any CPU.Build.0 = Debug|Any CPU
		{E947AAE8-A454-44FF-A4BA-A3721A4D809B}.Release|Any CPU.ActiveCfg = Release|Any CPU
		{E947AAE8-A454-44FF-A4BA-A3721A4D809B}.Release|Any CPU.Build.0 = Release|Any CPU
	EndGlobalSection
	GlobalSection(SolutionProperties) = preSolution
		HideSolutionNode = FALSE
	EndGlobalSection
	GlobalSection(Performance) = preSolution
		HasPerformanceSessions = true
	EndGlobalSection
	GlobalSection(Performance) = preSolution
		HasPerformanceSessions = true
	EndGlobalSection
	GlobalSection(Performance) = preSolution
		HasPerformanceSessions = true
	EndGlobalSection
	GlobalSection(Performance) = preSolution
		HasPerformanceSessions = true
	EndGlobalSection
	GlobalSection(Performance) = preSolution
		HasPerformanceSessions = true
	EndGlobalSection
	GlobalSection(Performance) = preSolution
		HasPerformanceSessions = true
	EndGlobalSection
	GlobalSection(Performance) = preSolution
		HasPerformanceSessions = true
	EndGlobalSection
	GlobalSection(Performance) = preSolution
		HasPerformanceSessions = true
	EndGlobalSection
	GlobalSection(Performance) = preSolution
		HasPerformanceSessions = true
	EndGlobalSection
	GlobalSection(Performance) = preSolution
		HasPerformanceSessions = true
	EndGlobalSection
	GlobalSection(Performance) = preSolution
		HasPerformanceSessions = true
	EndGlobalSection
	GlobalSection(Performance) = preSolution
		HasPerformanceSessions = true
	EndGlobalSection
	GlobalSection(Performance) = preSolution
		HasPerformanceSessions = true
	EndGlobalSection
	GlobalSection(Performance) = preSolution
		HasPerformanceSessions = true
	EndGlobalSection
	GlobalSection(Performance) = preSolution
		HasPerformanceSessions = true
	EndGlobalSection
	GlobalSection(Performance) = preSolution
		HasPerformanceSessions = true
	EndGlobalSection
	GlobalSection(Performance) = preSolution
		HasPerformanceSessions = true
	EndGlobalSection
	GlobalSection(Performance) = preSolution
		HasPerformanceSessions = true
	EndGlobalSection
	GlobalSection(Performance) = preSolution
		HasPerformanceSessions = true
	EndGlobalSection
	GlobalSection(Performance) = preSolution
		HasPerformanceSessions = true
	EndGlobalSection
	GlobalSection(Performance) = preSolution
		HasPerformanceSessions = true
	EndGlobalSection
	GlobalSection(Performance) = preSolution
		HasPerformanceSessions = true
	EndGlobalSection
	GlobalSection(Performance) = preSolution
		HasPerformanceSessions = true
	EndGlobalSection
	GlobalSection(Performance) = preSolution
		HasPerformanceSessions = true
	EndGlobalSection
	GlobalSection(Performance) = preSolution
		HasPerformanceSessions = true
	EndGlobalSection
	GlobalSection(Performance) = preSolution
		HasPerformanceSessions = true
	EndGlobalSection
	GlobalSection(Performance) = preSolution
		HasPerformanceSessions = true
	EndGlobalSection
	GlobalSection(TestCaseManagementSettings) = postSolution
		CategoryFile = BJD1.vsmdi
	EndGlobalSection
EndGlobal
